{
  "originHash" : "07a2d29d2dddf554ce420b9badec484cff4dd30686eaaed8b06b562440e282f0",
  "pins" : [
    {
      "identity" : "adhan-swift",
      "kind" : "remoteSourceControl",
      "location" : "https://github.com/batoulapps/adhan-swift",
      "state" : {
        "branch" : "main",
        "revision" : "127280c27c303f7898f59070580f4789a75df628"
      }
    },
    {
      "identity" : "tppdf",
      "kind" : "remoteSourceControl",
      "location" : "https://github.com/techprimate/TPPDF",
      "state" : {
        "branch" : "main",
        "revision" : "358561e4fb4cb8af8520c7870a903002f7492e22"
      }
    },
    {
      "identity" : "whatsnewkit",
      "kind" : "remoteSourceControl",
      "location" : "https://github.com/SvenTiigi/WhatsNewKit",
      "state" : {
        "branch" : "main",
        "revision" : "6157c77e8be9b3d2310bc680681b61a8d9e290ac"
      }
    }
  ],
  "version" : 3
}
