PODS:
  - SqueezeButton (0.2.0)
  - WhatsNew (0.4.3)

DEPENDENCIES:
  - SqueezeButton
  - WhatsNew

SPEC REPOS:
  trunk:
    - SqueezeButton
    - WhatsNew

SPEC CHECKSUMS:
  SqueezeButton: 9c340dbda8b3d3eab85a366b38e6c9812d4efa30
  WhatsNew: ddf224a0ac4f5fc32deb15188c820ccc625f4929

PODFILE CHECKSUM: cc1b11d400f783a480f42b96929d49e2f8621a53

COCOAPODS: 1.9.1
