{
  "object": {
    "pins": [
      {
        "package": "Adhan",
        "repositoryURL": "https://github.com/batoulapps/adhan-swift",
        "state": {
          "branch": null,
          "revision": "3723ee71c900ad3bc93868c32ff039c1322a1fb4",
          "version": "1.2.0"
        }
      },
      {
        "package": "Pages",
        "repositoryURL": "https://github.com/nachonavarro/Pages",
        "state": {
          "branch": null,
          "revision": "4cdbe4ff2f9ddbfda8cf0376a2acb678a1a0a0a2",
          "version": "0.1.5"
        }
      },
      {
        "package": "SwiftSpinner",
        "repositoryURL": "https://github.com/icanzilb/SwiftSpinner",
        "state": {
          "branch": null,
          "revision": "b11109c98524526af3a1c6f69c5818862acda6fb",
          "version": "2.1.0"
        }
      }
    ]
  },
  "version": 1
}
