{
  "originHash" : "07a2d29d2dddf554ce420b9badec484cff4dd30686eaaed8b06b562440e282f0",
  "pins" : [
    {
      "identity" : "adhan-swift",
      "kind" : "remoteSourceControl",
      "location" : "https://github.com/batoulapps/adhan-swift",
      "state" : {
        "branch" : "main",
        "revision" : "127280c27c303f7898f59070580f4789a75df628"
      }
    },
    {
      "identity" : "tppdf",
      "kind" : "remoteSourceControl",
      "location" : "https://github.com/techprimate/TPPDF",
      "state" : {
        "branch" : "main",
        "revision" : "572a6c1a863f9ced44b269d0d3718b03017ee691"
      }
    },
    {
      "identity" : "whatsnewkit",
      "kind" : "remoteSourceControl",
      "location" : "https://github.com/SvenTiigi/WhatsNewKit",
      "state" : {
        "branch" : "main",
        "revision" : "a81f41ea63870205f281b8d051b264f7b303f6d4"
      }
    }
  ],
  "version" : 3
}
