// !$*UTF8*$!
{
	archiveVersion = 1;
	classes = {
	};
	objectVersion = 52;
	objects = {

/* Begin PBXBuildFile section */
		3D02C9E5251EC134003FFA92 /* Athan_Widget.intentdefinition in Sources */ = {isa = PBXBuildFile; fileRef = 3D02C9E4251EC134003FFA92 /* Athan_Widget.intentdefinition */; };
		3D02C9E6251EC134003FFA92 /* Athan_Widget.intentdefinition in Sources */ = {isa = PBXBuildFile; fileRef = 3D02C9E4251EC134003FFA92 /* Athan_Widget.intentdefinition */; };
		3D033BD91C01203F00CCE84A /* PrayerSettingCell.swift in Sources */ = {isa = PBXBuildFile; fileRef = 3D033BD71C01203F00CCE84A /* PrayerSettingCell.swift */; };
		3D033BDA1C01203F00CCE84A /* PrayerSettingCell.xib in Resources */ = {isa = PBXBuildFile; fileRef = 3D033BD81C01203F00CCE84A /* PrayerSettingCell.xib */; };
		3D07DA7F1BDC58B60001EFE4 /* AppDelegate.swift in Sources */ = {isa = PBXBuildFile; fileRef = 3D07DA7E1BDC58B60001EFE4 /* AppDelegate.swift */; };
		3D07DA811BDC58B60001EFE4 /* ViewController.swift in Sources */ = {isa = PBXBuildFile; fileRef = 3D07DA801BDC58B60001EFE4 /* ViewController.swift */; };
		3D07DA861BDC58B60001EFE4 /* Assets.xcassets in Resources */ = {isa = PBXBuildFile; fileRef = 3D07DA851BDC58B60001EFE4 /* Assets.xcassets */; };
		3D07DA891BDC58B60001EFE4 /* LaunchScreen.storyboard in Resources */ = {isa = PBXBuildFile; fileRef = 3D07DA871BDC58B60001EFE4 /* LaunchScreen.storyboard */; };
		3D07DA9A1BDC58E30001EFE4 /* Global.swift in Sources */ = {isa = PBXBuildFile; fileRef = 3D07DA901BDC58E30001EFE4 /* Global.swift */; };
		3D07DA9C1BDC58E30001EFE4 /* TableController.swift in Sources */ = {isa = PBXBuildFile; fileRef = 3D07DA921BDC58E30001EFE4 /* TableController.swift */; };
		3D07DA9D1BDC58E30001EFE4 /* PrayerCell.swift in Sources */ = {isa = PBXBuildFile; fileRef = 3D07DA931BDC58E30001EFE4 /* PrayerCell.swift */; };
		3D07DA9E1BDC58E30001EFE4 /* PrayerCell.xib in Resources */ = {isa = PBXBuildFile; fileRef = 3D07DA941BDC58E30001EFE4 /* PrayerCell.xib */; };
		3D07DAA01BDC58E30001EFE4 /* ClockView.swift in Sources */ = {isa = PBXBuildFile; fileRef = 3D07DA961BDC58E30001EFE4 /* ClockView.swift */; };
		3D07DAA11BDC58E30001EFE4 /* BubbleTextView.swift in Sources */ = {isa = PBXBuildFile; fileRef = 3D07DA971BDC58E30001EFE4 /* BubbleTextView.swift */; };
		3D07DAA21BDC58E30001EFE4 /* PrayerManager.swift in Sources */ = {isa = PBXBuildFile; fileRef = 3D07DA981BDC58E30001EFE4 /* PrayerManager.swift */; };
		3D07DAA31BDC58E30001EFE4 /* PrayerManagerDelegate.swift in Sources */ = {isa = PBXBuildFile; fileRef = 3D07DA991BDC58E30001EFE4 /* PrayerManagerDelegate.swift */; };
		3D15F53D242827210010C709 /* Default-568h@2x.png in Resources */ = {isa = PBXBuildFile; fileRef = 3D15F53C242827210010C709 /* Default-568h@2x.png */; };
		3D15F53F242828590010C709 /* LaunchScreen.xib in Resources */ = {isa = PBXBuildFile; fileRef = 3D15F53E242828590010C709 /* LaunchScreen.xib */; };
		3D16F1042560851B00C78B12 /* Adhan in Frameworks */ = {isa = PBXBuildFile; productRef = 3D16F1032560851B00C78B12 /* Adhan */; };
		3D16F10B2560859D00C78B12 /* AthanManager.swift in Sources */ = {isa = PBXBuildFile; fileRef = 3D16F10A2560859D00C78B12 /* AthanManager.swift */; };
		3D1AD81C1C835DC4009C5865 /* AboutViewController.xib in Resources */ = {isa = PBXBuildFile; fileRef = 3D1AD81B1C835DC4009C5865 /* AboutViewController.xib */; };
		3D1E50E2256D667D003E2E34 /* QiblaPointerView.swift in Sources */ = {isa = PBXBuildFile; fileRef = 3D1E50E1256D667D003E2E34 /* QiblaPointerView.swift */; };
		3D1E50E9256DFAD4003E2E34 /* MoonView.swift in Sources */ = {isa = PBXBuildFile; fileRef = 3D1E50E8256DFAD4003E2E34 /* MoonView.swift */; };
		3D1E50F0256F4620003E2E34 /* Colors.swift in Sources */ = {isa = PBXBuildFile; fileRef = 3D1E50EF256F4620003E2E34 /* Colors.swift */; };
		3D1F39191C023EB2005C1773 /* PrayerSettingController.swift in Sources */ = {isa = PBXBuildFile; fileRef = 3D1F39171C023EB1005C1773 /* PrayerSettingController.swift */; };
		3D20CB1D2518DA0900275206 /* WidgetKit.framework in Frameworks */ = {isa = PBXBuildFile; fileRef = 3D20CB1C2518DA0900275206 /* WidgetKit.framework */; };
		3D20CB1F2518DA0900275206 /* SwiftUI.framework in Frameworks */ = {isa = PBXBuildFile; fileRef = 3D20CB1E2518DA0900275206 /* SwiftUI.framework */; };
		3D20CB222518DA0900275206 /* Athan_Widget.swift in Sources */ = {isa = PBXBuildFile; fileRef = 3D20CB212518DA0900275206 /* Athan_Widget.swift */; };
		3D20CB252518DA0B00275206 /* Assets.xcassets in Resources */ = {isa = PBXBuildFile; fileRef = 3D20CB242518DA0B00275206 /* Assets.xcassets */; };
		3D20CB2B2518DA0B00275206 /* Athan WidgetExtension.appex in Embed App Extensions */ = {isa = PBXBuildFile; fileRef = 3D20CB1B2518DA0900275206 /* Athan WidgetExtension.appex */; settings = {ATTRIBUTES = (RemoveHeadersOnCopy, ); }; };
		3D32B57F1C14D03A003CAE1B /* sunhorizon.png in Resources */ = {isa = PBXBuildFile; fileRef = 3D32B57E1C14D03A003CAE1B /* sunhorizon.png */; };
		3D32B5811C14D31D003CAE1B /* sunfilled.png in Resources */ = {isa = PBXBuildFile; fileRef = 3D32B5801C14D31D003CAE1B /* sunfilled.png */; };
		3D32B5831C14D32E003CAE1B /* moon.png in Resources */ = {isa = PBXBuildFile; fileRef = 3D32B5821C14D32E003CAE1B /* moon.png */; };
		3D32B5851C14D34D003CAE1B /* sun.png in Resources */ = {isa = PBXBuildFile; fileRef = 3D32B5841C14D34D003CAE1B /* sun.png */; };
		3D4AC134251D894600B2D41D /* MainSwiftUI.swift in Sources */ = {isa = PBXBuildFile; fileRef = 3D4AC133251D894600B2D41D /* MainSwiftUI.swift */; };
		3D4AC195251D94BE00B2D41D /* SceneDelegate.swift in Sources */ = {isa = PBXBuildFile; fileRef = 3D4AC194251D94BE00B2D41D /* SceneDelegate.swift */; };
		3D4CEDB01BDDA1D800CA095E /* ElapsedView.swift in Sources */ = {isa = PBXBuildFile; fileRef = 3D4CEDAF1BDDA1D800CA095E /* ElapsedView.swift */; };
		3D52255520CDD25800CF8C3D /* Localizable.strings in Resources */ = {isa = PBXBuildFile; fileRef = 3D52255720CDD25800CF8C3D /* Localizable.strings */; };
		3D52256520CDF4FA00CF8C3D /* QiblaViewController.xib in Resources */ = {isa = PBXBuildFile; fileRef = 3D52256720CDF4FA00CF8C3D /* QiblaViewController.xib */; };
		3D6308341C08F3D700AC32B6 /* LocationInputController.swift in Sources */ = {isa = PBXBuildFile; fileRef = 3D6308321C08F3D700AC32B6 /* LocationInputController.swift */; };
		3D6308351C08F3D700AC32B6 /* LocationInputController.xib in Resources */ = {isa = PBXBuildFile; fileRef = 3D6308331C08F3D700AC32B6 /* LocationInputController.xib */; };
		3D73EBEA256F5DEA0010C47D /* SolarView.swift in Sources */ = {isa = PBXBuildFile; fileRef = 3D73EBE9256F5DEA0010C47D /* SolarView.swift */; };
		3D73EBF1257027230010C47D /* PrayerSettings.swift in Sources */ = {isa = PBXBuildFile; fileRef = 3D8CE83A256965F0006D6E46 /* PrayerSettings.swift */; };
		3D73EBF7257027290010C47D /* PrayerSettings.swift in Sources */ = {isa = PBXBuildFile; fileRef = 3D8CE83A256965F0006D6E46 /* PrayerSettings.swift */; };
		3D73EBFE2570294B0010C47D /* Adhan in Frameworks */ = {isa = PBXBuildFile; productRef = 3D73EBFD2570294B0010C47D /* Adhan */; };
		3D73EC00257029530010C47D /* Adhan in Frameworks */ = {isa = PBXBuildFile; productRef = 3D73EBFF257029530010C47D /* Adhan */; };
		3D73EC062570D0E60010C47D /* Prayer+Extensions.swift in Sources */ = {isa = PBXBuildFile; fileRef = 3DA6F01E256184AA00C2C348 /* Prayer+Extensions.swift */; };
		3D73EC0C2570D0E60010C47D /* Prayer+Extensions.swift in Sources */ = {isa = PBXBuildFile; fileRef = 3DA6F01E256184AA00C2C348 /* Prayer+Extensions.swift */; };
		3D73EC122570DAB80010C47D /* AthanManager.swift in Sources */ = {isa = PBXBuildFile; fileRef = 3D16F10A2560859D00C78B12 /* AthanManager.swift */; };
		3D73EC182570DAB80010C47D /* AthanManager.swift in Sources */ = {isa = PBXBuildFile; fileRef = 3D16F10A2560859D00C78B12 /* AthanManager.swift */; };
		3D73EC1E257155AA0010C47D /* NotificationsManager.swift in Sources */ = {isa = PBXBuildFile; fileRef = 3DA6F01225617BBE00C2C348 /* NotificationsManager.swift */; };
		3D73EC24257155AB0010C47D /* NotificationsManager.swift in Sources */ = {isa = PBXBuildFile; fileRef = 3DA6F01225617BBE00C2C348 /* NotificationsManager.swift */; };
		3D73FC57228491EA0092A83C /* ToneSettingCell.swift in Sources */ = {isa = PBXBuildFile; fileRef = 3D73FC55228491EA0092A83C /* ToneSettingCell.swift */; };
		3D73FC58228491EA0092A83C /* ToneSettingCell.xib in Resources */ = {isa = PBXBuildFile; fileRef = 3D73FC56228491EA0092A83C /* ToneSettingCell.xib */; };
		3D73FC5B2284A2020092A83C /* SiriCell.swift in Sources */ = {isa = PBXBuildFile; fileRef = 3D73FC592284A2020092A83C /* SiriCell.swift */; };
		3D73FC5C2284A2020092A83C /* SiriCell.xib in Resources */ = {isa = PBXBuildFile; fileRef = 3D73FC5A2284A2020092A83C /* SiriCell.xib */; };
		3D73FC632284DC720092A83C /* AppIntentVocabulary.plist in Resources */ = {isa = PBXBuildFile; fileRef = 3D73FC672284DC720092A83C /* AppIntentVocabulary.plist */; };
		3D73FC642284DC720092A83C /* AppIntentVocabulary.plist in Resources */ = {isa = PBXBuildFile; fileRef = 3D73FC672284DC720092A83C /* AppIntentVocabulary.plist */; };
		3D73FC6B2284EE1C0092A83C /* Settings.swift in Sources */ = {isa = PBXBuildFile; fileRef = 3D73FC6A2284EE1C0092A83C /* Settings.swift */; };
		3D73FC6C2285C3380092A83C /* Settings.swift in Sources */ = {isa = PBXBuildFile; fileRef = 3D73FC6A2284EE1C0092A83C /* Settings.swift */; };
		3D73FC6E2285C3390092A83C /* Settings.swift in Sources */ = {isa = PBXBuildFile; fileRef = 3D73FC6A2284EE1C0092A83C /* Settings.swift */; };
		3D73FC7A22875CCA0092A83C /* makkah-preview.caf in Resources */ = {isa = PBXBuildFile; fileRef = 3D73FC7322875CC70092A83C /* makkah-preview.caf */; };
		3D73FC7B22875CCA0092A83C /* alaqsa-preview.caf in Resources */ = {isa = PBXBuildFile; fileRef = 3D73FC7422875CC80092A83C /* alaqsa-preview.caf */; };
		3D73FC7C22875CCA0092A83C /* abdulghaffar-preview.caf in Resources */ = {isa = PBXBuildFile; fileRef = 3D73FC7522875CC80092A83C /* abdulghaffar-preview.caf */; };
		3D73FC7D22875CCA0092A83C /* abdulbaset-preview.caf in Resources */ = {isa = PBXBuildFile; fileRef = 3D73FC7622875CC80092A83C /* abdulbaset-preview.caf */; };
		3D73FC7E22875CCA0092A83C /* echo-preview.caf in Resources */ = {isa = PBXBuildFile; fileRef = 3D73FC7722875CC80092A83C /* echo-preview.caf */; };
		3D73FC7F22875CCA0092A83C /* madina-preview.caf in Resources */ = {isa = PBXBuildFile; fileRef = 3D73FC7822875CC90092A83C /* madina-preview.caf */; };
		3D73FC8022875CCA0092A83C /* egypt-preview.caf in Resources */ = {isa = PBXBuildFile; fileRef = 3D73FC7922875CC90092A83C /* egypt-preview.caf */; };
		3D73FC8322887E670092A83C /* NoteSoundPlayer.swift in Sources */ = {isa = PBXBuildFile; fileRef = 3D73FC8222887E670092A83C /* NoteSoundPlayer.swift */; };
		3D76E8A91C0621D60004E3F7 /* OptionsNavigatonController.swift in Sources */ = {isa = PBXBuildFile; fileRef = 3D76E8A81C0621D60004E3F7 /* OptionsNavigatonController.swift */; };
		3D770549251C3137007BCEAA /* PrayerType.swift in Sources */ = {isa = PBXBuildFile; fileRef = 3DF0EE9921038E3400624E98 /* PrayerType.swift */; };
		3D770554251C3393007BCEAA /* Widget_Provider.swift in Sources */ = {isa = PBXBuildFile; fileRef = 3D11D971251C2BD9009F6146 /* Widget_Provider.swift */; };
		3D770564251C379B007BCEAA /* PrayerManager.swift in Sources */ = {isa = PBXBuildFile; fileRef = 3D07DA981BDC58E30001EFE4 /* PrayerManager.swift */; };
		3D77056B251C37F4007BCEAA /* UIView_Convenience.swift in Sources */ = {isa = PBXBuildFile; fileRef = 3D77056A251C37F4007BCEAA /* UIView_Convenience.swift */; };
		3D770571251C3812007BCEAA /* Global.swift in Sources */ = {isa = PBXBuildFile; fileRef = 3D07DA901BDC58E30001EFE4 /* Global.swift */; };
		3D770577251C3824007BCEAA /* HeadingDelegate.swift in Sources */ = {isa = PBXBuildFile; fileRef = 3D936A1E1BE3AF030060790D /* HeadingDelegate.swift */; };
		3D77057D251C383B007BCEAA /* PrayerManagerDelegate.swift in Sources */ = {isa = PBXBuildFile; fileRef = 3D07DA991BDC58E30001EFE4 /* PrayerManagerDelegate.swift */; };
		3D770583251C3849007BCEAA /* Settings.swift in Sources */ = {isa = PBXBuildFile; fileRef = 3D73FC6A2284EE1C0092A83C /* Settings.swift */; };
		3D7D42C31C00E5380013956C /* SettingsViewController.swift in Sources */ = {isa = PBXBuildFile; fileRef = 3D7D42C11C00E5380013956C /* SettingsViewController.swift */; };
		3D7D42C41C00E5380013956C /* SettingsViewController.xib in Resources */ = {isa = PBXBuildFile; fileRef = 3D7D42C21C00E5380013956C /* SettingsViewController.xib */; };
		3D81809320FE565E00AEF72F /* SnapshotHelper.swift in Sources */ = {isa = PBXBuildFile; fileRef = 3D81809220FE565E00AEF72F /* SnapshotHelper.swift */; };
		3D89E71420C75DC000E64118 /* SwiftSpinner.swift in Sources */ = {isa = PBXBuildFile; fileRef = 3D89E71320C75DBF00E64118 /* SwiftSpinner.swift */; };
		3D89E71620C75E6000E64118 /* Intents.intentdefinition in Sources */ = {isa = PBXBuildFile; fileRef = 3D89E71520C75E6000E64118 /* Intents.intentdefinition */; };
		3D8CE83B256965F0006D6E46 /* PrayerSettings.swift in Sources */ = {isa = PBXBuildFile; fileRef = 3D8CE83A256965F0006D6E46 /* PrayerSettings.swift */; };
		3D936A191BE3A8320060790D /* Main.storyboard in Resources */ = {isa = PBXBuildFile; fileRef = 3D07DA821BDC58B60001EFE4 /* Main.storyboard */; };
		3D936A1C1BE3A98B0060790D /* QiblaViewController.swift in Sources */ = {isa = PBXBuildFile; fileRef = 3D936A1A1BE3A98B0060790D /* QiblaViewController.swift */; };
		3D936A1F1BE3AF030060790D /* HeadingDelegate.swift in Sources */ = {isa = PBXBuildFile; fileRef = 3D936A1E1BE3AF030060790D /* HeadingDelegate.swift */; };
		3D93E9E021829D0C002019B7 /* Intents.framework in Frameworks */ = {isa = PBXBuildFile; fileRef = 3D93E9DF21829D0C002019B7 /* Intents.framework */; };
		3D93EA0A2182C447002019B7 /* IntentHandler.swift in Sources */ = {isa = PBXBuildFile; fileRef = 3D93EA092182C447002019B7 /* IntentHandler.swift */; };
		3D93EA1E2182C447002019B7 /* AthanSiriIntents.appex in Embed App Extensions */ = {isa = PBXBuildFile; fileRef = 3D93EA072182C447002019B7 /* AthanSiriIntents.appex */; settings = {ATTRIBUTES = (RemoveHeadersOnCopy, ); }; };
		3DA6F01325617BBE00C2C348 /* NotificationsManager.swift in Sources */ = {isa = PBXBuildFile; fileRef = 3DA6F01225617BBE00C2C348 /* NotificationsManager.swift */; };
		3DA6F01F256184AA00C2C348 /* Prayer+Extensions.swift in Sources */ = {isa = PBXBuildFile; fileRef = 3DA6F01E256184AA00C2C348 /* Prayer+Extensions.swift */; };
		3DAD6F34210EDE94008299E1 /* Localizable.strings in Resources */ = {isa = PBXBuildFile; fileRef = 3D52255720CDD25800CF8C3D /* Localizable.strings */; };
		3DAE4496256088DA00156CFF /* SwiftSpinner in Frameworks */ = {isa = PBXBuildFile; productRef = 3DAE4495256088DA00156CFF /* SwiftSpinner */; };
		3DAE452B256089D600156CFF /* WhatsNewViewController.swift in Sources */ = {isa = PBXBuildFile; fileRef = 3DAE451D256089D600156CFF /* WhatsNewViewController.swift */; };
		3DAE452C256089D600156CFF /* WhatsNew.xib in Resources */ = {isa = PBXBuildFile; fileRef = 3DAE451F256089D600156CFF /* WhatsNew.xib */; };
		3DAE452D256089D600156CFF /* WhatsNewItemImageView.xib in Resources */ = {isa = PBXBuildFile; fileRef = 3DAE4520256089D600156CFF /* WhatsNewItemImageView.xib */; };
		3DAE452E256089D600156CFF /* .gitkeep in Resources */ = {isa = PBXBuildFile; fileRef = 3DAE4521256089D600156CFF /* .gitkeep */; };
		3DAE452F256089D600156CFF /* WhatsNewItemTextView.xib in Resources */ = {isa = PBXBuildFile; fileRef = 3DAE4522256089D600156CFF /* WhatsNewItemTextView.xib */; };
		3DAE4530256089D600156CFF /* NibLoadable.swift in Sources */ = {isa = PBXBuildFile; fileRef = 3DAE4524256089D600156CFF /* NibLoadable.swift */; };
		3DAE4531256089D600156CFF /* PresentationOption.swift in Sources */ = {isa = PBXBuildFile; fileRef = 3DAE4526256089D600156CFF /* PresentationOption.swift */; };
		3DAE4532256089D600156CFF /* WhatsNewItemTextView.swift in Sources */ = {isa = PBXBuildFile; fileRef = 3DAE4527256089D600156CFF /* WhatsNewItemTextView.swift */; };
		3DAE4533256089D600156CFF /* WhatsNewItemImageView.swift in Sources */ = {isa = PBXBuildFile; fileRef = 3DAE4528256089D600156CFF /* WhatsNewItemImageView.swift */; };
		3DAE4534256089D600156CFF /* WhatsNewItem.swift in Sources */ = {isa = PBXBuildFile; fileRef = 3DAE4529256089D600156CFF /* WhatsNewItem.swift */; };
		3DAE4535256089D600156CFF /* WhatsNew.swift in Sources */ = {isa = PBXBuildFile; fileRef = 3DAE452A256089D600156CFF /* WhatsNew.swift */; };
		3DAE45542560976900156CFF /* SqueezeButton.swift in Sources */ = {isa = PBXBuildFile; fileRef = 3DAE45532560976900156CFF /* SqueezeButton.swift */; };
		3DAE455B2560984500156CFF /* AnimatedLabel.swift in Sources */ = {isa = PBXBuildFile; fileRef = 3DAE455A2560984500156CFF /* AnimatedLabel.swift */; };
		3DB56CE72281FA3800B9F738 /* NextPrayerIntentHandler.swift in Sources */ = {isa = PBXBuildFile; fileRef = 3DB56CE62281FA3800B9F738 /* NextPrayerIntentHandler.swift */; };
		3DB56CE92281FA4E00B9F738 /* ListPrayersIntentHandler.swift in Sources */ = {isa = PBXBuildFile; fileRef = 3DB56CE82281FA4E00B9F738 /* ListPrayersIntentHandler.swift */; };
		3DB56CEA228204BA00B9F738 /* Intents.intentdefinition in Sources */ = {isa = PBXBuildFile; fileRef = 3D89E71520C75E6000E64118 /* Intents.intentdefinition */; };
		3DB56CEC228367DB00B9F738 /* PrayerManager.swift in Sources */ = {isa = PBXBuildFile; fileRef = 3D07DA981BDC58E30001EFE4 /* PrayerManager.swift */; };
		3DB56CEE228367E000B9F738 /* PrayerManagerDelegate.swift in Sources */ = {isa = PBXBuildFile; fileRef = 3D07DA991BDC58E30001EFE4 /* PrayerManagerDelegate.swift */; };
		3DB56CF12283682800B9F738 /* PrayerType.swift in Sources */ = {isa = PBXBuildFile; fileRef = 3DF0EE9921038E3400624E98 /* PrayerType.swift */; };
		3DB56CF2228368B900B9F738 /* HeadingDelegate.swift in Sources */ = {isa = PBXBuildFile; fileRef = 3D936A1E1BE3AF030060790D /* HeadingDelegate.swift */; };
		3DB56CF4228369A200B9F738 /* Global.swift in Sources */ = {isa = PBXBuildFile; fileRef = 3D07DA901BDC58E30001EFE4 /* Global.swift */; };
		3DCB30CB236B109200D47C7C /* UIView+Fading.swift in Sources */ = {isa = PBXBuildFile; fileRef = 3DCB30CA236B109200D47C7C /* UIView+Fading.swift */; };
		3DD3B4891C0D1B9400DC91E6 /* AboutViewController.swift in Sources */ = {isa = PBXBuildFile; fileRef = 3DD3B4871C0D1B9400DC91E6 /* AboutViewController.swift */; };
		3DD3B4921C0D3B5700DC91E6 /* NotificationCenter.framework in Frameworks */ = {isa = PBXBuildFile; fileRef = 3DD3B4911C0D3B5700DC91E6 /* NotificationCenter.framework */; };
		3DD3B4951C0D3B5700DC91E6 /* TodayViewController.swift in Sources */ = {isa = PBXBuildFile; fileRef = 3DD3B4941C0D3B5700DC91E6 /* TodayViewController.swift */; };
		3DD3B4981C0D3B5700DC91E6 /* MainInterface.storyboard in Resources */ = {isa = PBXBuildFile; fileRef = 3DD3B4961C0D3B5700DC91E6 /* MainInterface.storyboard */; };
		3DD51AF620FC5A00000CBFFC /* Athan_Utility_UITests.swift in Sources */ = {isa = PBXBuildFile; fileRef = 3DD51AF520FC5A00000CBFFC /* Athan_Utility_UITests.swift */; };
		3DE86330251FF2530003FB06 /* CalculationSettingController.swift in Sources */ = {isa = PBXBuildFile; fileRef = 3DE8632F251FF2530003FB06 /* CalculationSettingController.swift */; };
		3DF0EE9A21038E3400624E98 /* PrayerType.swift in Sources */ = {isa = PBXBuildFile; fileRef = 3DF0EE9921038E3400624E98 /* PrayerType.swift */; };
		3DF0EE9B21038E3D00624E98 /* PrayerType.swift in Sources */ = {isa = PBXBuildFile; fileRef = 3DF0EE9921038E3400624E98 /* PrayerType.swift */; };
/* End PBXBuildFile section */

/* Begin PBXContainerItemProxy section */
		3D20CB292518DA0B00275206 /* PBXContainerItemProxy */ = {
			isa = PBXContainerItemProxy;
			containerPortal = 3D07DA731BDC58B50001EFE4 /* Project object */;
			proxyType = 1;
			remoteGlobalIDString = 3D20CB1A2518DA0900275206;
			remoteInfo = "Athan WidgetExtension";
		};
		3D93EA1C2182C447002019B7 /* PBXContainerItemProxy */ = {
			isa = PBXContainerItemProxy;
			containerPortal = 3D07DA731BDC58B50001EFE4 /* Project object */;
			proxyType = 1;
			remoteGlobalIDString = 3D93EA062182C447002019B7;
			remoteInfo = AthanSiriIntents;
		};
		3DD51AF820FC5A00000CBFFC /* PBXContainerItemProxy */ = {
			isa = PBXContainerItemProxy;
			containerPortal = 3D07DA731BDC58B50001EFE4 /* Project object */;
			proxyType = 1;
			remoteGlobalIDString = 3D07DA7A1BDC58B50001EFE4;
			remoteInfo = "Athan Utility";
		};
/* End PBXContainerItemProxy section */

/* Begin PBXCopyFilesBuildPhase section */
		3D3DD6011C2B1F7300FEBB3D /* Embed Watch Content */ = {
			isa = PBXCopyFilesBuildPhase;
			buildActionMask = 2147483647;
			dstPath = "$(CONTENTS_FOLDER_PATH)/Watch";
			dstSubfolderSpec = 16;
			files = (
			);
			name = "Embed Watch Content";
			runOnlyForDeploymentPostprocessing = 0;
		};
		3DD3B4A01C0D3B5700DC91E6 /* Embed App Extensions */ = {
			isa = PBXCopyFilesBuildPhase;
			buildActionMask = 2147483647;
			dstPath = "";
			dstSubfolderSpec = 13;
			files = (
				3D20CB2B2518DA0B00275206 /* Athan WidgetExtension.appex in Embed App Extensions */,
				3D93EA1E2182C447002019B7 /* AthanSiriIntents.appex in Embed App Extensions */,
			);
			name = "Embed App Extensions";
			runOnlyForDeploymentPostprocessing = 0;
		};
/* End PBXCopyFilesBuildPhase section */

/* Begin PBXFileReference section */
		3D02C9E4251EC134003FFA92 /* Athan_Widget.intentdefinition */ = {isa = PBXFileReference; fileEncoding = 4; lastKnownFileType = file.intentdefinition; path = Athan_Widget.intentdefinition; sourceTree = "<group>"; };
		3D033BD71C01203F00CCE84A /* PrayerSettingCell.swift */ = {isa = PBXFileReference; fileEncoding = 4; lastKnownFileType = sourcecode.swift; path = PrayerSettingCell.swift; sourceTree = "<group>"; };
		3D033BD81C01203F00CCE84A /* PrayerSettingCell.xib */ = {isa = PBXFileReference; fileEncoding = 4; lastKnownFileType = file.xib; path = PrayerSettingCell.xib; sourceTree = "<group>"; };
		3D07DA7B1BDC58B50001EFE4 /* Athan Utility.app */ = {isa = PBXFileReference; explicitFileType = wrapper.application; includeInIndex = 0; path = "Athan Utility.app"; sourceTree = BUILT_PRODUCTS_DIR; };
		3D07DA7E1BDC58B60001EFE4 /* AppDelegate.swift */ = {isa = PBXFileReference; lastKnownFileType = sourcecode.swift; path = AppDelegate.swift; sourceTree = "<group>"; };
		3D07DA801BDC58B60001EFE4 /* ViewController.swift */ = {isa = PBXFileReference; lastKnownFileType = sourcecode.swift; path = ViewController.swift; sourceTree = "<group>"; };
		3D07DA831BDC58B60001EFE4 /* Base */ = {isa = PBXFileReference; lastKnownFileType = file.storyboard; name = Base; path = Base.lproj/Main.storyboard; sourceTree = "<group>"; };
		3D07DA851BDC58B60001EFE4 /* Assets.xcassets */ = {isa = PBXFileReference; lastKnownFileType = folder.assetcatalog; path = Assets.xcassets; sourceTree = "<group>"; };
		3D07DA881BDC58B60001EFE4 /* Base */ = {isa = PBXFileReference; lastKnownFileType = file.storyboard; name = Base; path = Base.lproj/LaunchScreen.storyboard; sourceTree = "<group>"; };
		3D07DA8A1BDC58B60001EFE4 /* Info.plist */ = {isa = PBXFileReference; lastKnownFileType = text.plist.xml; path = Info.plist; sourceTree = "<group>"; };
		3D07DA901BDC58E30001EFE4 /* Global.swift */ = {isa = PBXFileReference; fileEncoding = 4; lastKnownFileType = sourcecode.swift; path = Global.swift; sourceTree = "<group>"; };
		3D07DA921BDC58E30001EFE4 /* TableController.swift */ = {isa = PBXFileReference; fileEncoding = 4; lastKnownFileType = sourcecode.swift; path = TableController.swift; sourceTree = "<group>"; };
		3D07DA931BDC58E30001EFE4 /* PrayerCell.swift */ = {isa = PBXFileReference; fileEncoding = 4; lastKnownFileType = sourcecode.swift; path = PrayerCell.swift; sourceTree = "<group>"; };
		3D07DA941BDC58E30001EFE4 /* PrayerCell.xib */ = {isa = PBXFileReference; fileEncoding = 4; lastKnownFileType = file.xib; path = PrayerCell.xib; sourceTree = "<group>"; };
		3D07DA961BDC58E30001EFE4 /* ClockView.swift */ = {isa = PBXFileReference; fileEncoding = 4; lastKnownFileType = sourcecode.swift; path = ClockView.swift; sourceTree = "<group>"; };
		3D07DA971BDC58E30001EFE4 /* BubbleTextView.swift */ = {isa = PBXFileReference; fileEncoding = 4; lastKnownFileType = sourcecode.swift; path = BubbleTextView.swift; sourceTree = "<group>"; };
		3D07DA981BDC58E30001EFE4 /* PrayerManager.swift */ = {isa = PBXFileReference; fileEncoding = 4; lastKnownFileType = sourcecode.swift; path = PrayerManager.swift; sourceTree = "<group>"; };
		3D07DA991BDC58E30001EFE4 /* PrayerManagerDelegate.swift */ = {isa = PBXFileReference; fileEncoding = 4; lastKnownFileType = sourcecode.swift; path = PrayerManagerDelegate.swift; sourceTree = "<group>"; };
		3D11D971251C2BD9009F6146 /* Widget_Provider.swift */ = {isa = PBXFileReference; lastKnownFileType = sourcecode.swift; path = Widget_Provider.swift; sourceTree = "<group>"; };
		3D15F53C242827210010C709 /* Default-568h@2x.png */ = {isa = PBXFileReference; lastKnownFileType = image.png; path = "Default-568h@2x.png"; sourceTree = "<group>"; };
		3D15F53E242828590010C709 /* LaunchScreen.xib */ = {isa = PBXFileReference; lastKnownFileType = file.xib; path = LaunchScreen.xib; sourceTree = "<group>"; };
		3D16F10A2560859D00C78B12 /* AthanManager.swift */ = {isa = PBXFileReference; lastKnownFileType = sourcecode.swift; path = AthanManager.swift; sourceTree = "<group>"; };
		3D1AD81B1C835DC4009C5865 /* AboutViewController.xib */ = {isa = PBXFileReference; fileEncoding = 4; lastKnownFileType = file.xib; path = AboutViewController.xib; sourceTree = "<group>"; };
		3D1E50E1256D667D003E2E34 /* QiblaPointerView.swift */ = {isa = PBXFileReference; fileEncoding = 4; lastKnownFileType = sourcecode.swift; path = QiblaPointerView.swift; sourceTree = "<group>"; };
		3D1E50E8256DFAD4003E2E34 /* MoonView.swift */ = {isa = PBXFileReference; fileEncoding = 4; lastKnownFileType = sourcecode.swift; path = MoonView.swift; sourceTree = "<group>"; };
		3D1E50EF256F4620003E2E34 /* Colors.swift */ = {isa = PBXFileReference; lastKnownFileType = sourcecode.swift; path = Colors.swift; sourceTree = "<group>"; };
		3D1F39171C023EB1005C1773 /* PrayerSettingController.swift */ = {isa = PBXFileReference; fileEncoding = 4; lastKnownFileType = sourcecode.swift; path = PrayerSettingController.swift; sourceTree = "<group>"; };
		3D20CB1B2518DA0900275206 /* Athan WidgetExtension.appex */ = {isa = PBXFileReference; explicitFileType = "wrapper.app-extension"; includeInIndex = 0; path = "Athan WidgetExtension.appex"; sourceTree = BUILT_PRODUCTS_DIR; };
		3D20CB1C2518DA0900275206 /* WidgetKit.framework */ = {isa = PBXFileReference; lastKnownFileType = wrapper.framework; name = WidgetKit.framework; path = System/Library/Frameworks/WidgetKit.framework; sourceTree = SDKROOT; };
		3D20CB1E2518DA0900275206 /* SwiftUI.framework */ = {isa = PBXFileReference; lastKnownFileType = wrapper.framework; name = SwiftUI.framework; path = System/Library/Frameworks/SwiftUI.framework; sourceTree = SDKROOT; };
		3D20CB212518DA0900275206 /* Athan_Widget.swift */ = {isa = PBXFileReference; lastKnownFileType = sourcecode.swift; path = Athan_Widget.swift; sourceTree = "<group>"; };
		3D20CB242518DA0B00275206 /* Assets.xcassets */ = {isa = PBXFileReference; lastKnownFileType = folder.assetcatalog; path = Assets.xcassets; sourceTree = "<group>"; };
		3D20CB262518DA0B00275206 /* Info.plist */ = {isa = PBXFileReference; lastKnownFileType = text.plist.xml; path = Info.plist; sourceTree = "<group>"; };
		3D32B57E1C14D03A003CAE1B /* sunhorizon.png */ = {isa = PBXFileReference; lastKnownFileType = image.png; path = sunhorizon.png; sourceTree = "<group>"; };
		3D32B5801C14D31D003CAE1B /* sunfilled.png */ = {isa = PBXFileReference; lastKnownFileType = image.png; path = sunfilled.png; sourceTree = "<group>"; };
		3D32B5821C14D32E003CAE1B /* moon.png */ = {isa = PBXFileReference; lastKnownFileType = image.png; path = moon.png; sourceTree = "<group>"; };
		3D32B5841C14D34D003CAE1B /* sun.png */ = {isa = PBXFileReference; lastKnownFileType = image.png; path = sun.png; sourceTree = "<group>"; };
		3D4AC133251D894600B2D41D /* MainSwiftUI.swift */ = {isa = PBXFileReference; lastKnownFileType = sourcecode.swift; path = MainSwiftUI.swift; sourceTree = "<group>"; };
		3D4AC194251D94BE00B2D41D /* SceneDelegate.swift */ = {isa = PBXFileReference; fileEncoding = 4; lastKnownFileType = sourcecode.swift; path = SceneDelegate.swift; sourceTree = "<group>"; };
		3D4CEDAF1BDDA1D800CA095E /* ElapsedView.swift */ = {isa = PBXFileReference; fileEncoding = 4; lastKnownFileType = sourcecode.swift; path = ElapsedView.swift; sourceTree = "<group>"; };
		3D52254E20CDCE2300CF8C3D /* ar */ = {isa = PBXFileReference; lastKnownFileType = text.plist.strings; name = ar; path = ar.lproj/Main.strings; sourceTree = "<group>"; };
		3D52254F20CDCE2300CF8C3D /* ar */ = {isa = PBXFileReference; lastKnownFileType = text.plist.strings; name = ar; path = ar.lproj/LaunchScreen.strings; sourceTree = "<group>"; };
		3D52255020CDCE2400CF8C3D /* ar */ = {isa = PBXFileReference; lastKnownFileType = text.plist.strings; name = ar; path = ar.lproj/MainInterface.strings; sourceTree = "<group>"; };
		3D52255620CDD25800CF8C3D /* ar */ = {isa = PBXFileReference; lastKnownFileType = text.plist.strings; name = ar; path = ar.lproj/Localizable.strings; sourceTree = "<group>"; };
		3D52255820CDD42300CF8C3D /* en */ = {isa = PBXFileReference; lastKnownFileType = text.plist.strings; name = en; path = en.lproj/Localizable.strings; sourceTree = "<group>"; };
		3D52256920CDF50400CF8C3D /* ar */ = {isa = PBXFileReference; lastKnownFileType = text.plist.strings; name = ar; path = ar.lproj/QiblaViewController.strings; sourceTree = "<group>"; };
		3D52256A20CDF51B00CF8C3D /* fr */ = {isa = PBXFileReference; lastKnownFileType = text.plist.strings; name = fr; path = fr.lproj/Main.strings; sourceTree = "<group>"; };
		3D52256B20CDF51B00CF8C3D /* fr */ = {isa = PBXFileReference; lastKnownFileType = text.plist.strings; name = fr; path = fr.lproj/LaunchScreen.strings; sourceTree = "<group>"; };
		3D52256C20CDF51B00CF8C3D /* fr */ = {isa = PBXFileReference; lastKnownFileType = text.plist.strings; name = fr; path = fr.lproj/MainInterface.strings; sourceTree = "<group>"; };
		3D52256F20CDF51C00CF8C3D /* fr */ = {isa = PBXFileReference; lastKnownFileType = text.plist.strings; name = fr; path = fr.lproj/Localizable.strings; sourceTree = "<group>"; };
		3D52257120CDF53700CF8C3D /* ur */ = {isa = PBXFileReference; lastKnownFileType = text.plist.strings; name = ur; path = ur.lproj/Main.strings; sourceTree = "<group>"; };
		3D52257220CDF53800CF8C3D /* ur */ = {isa = PBXFileReference; lastKnownFileType = text.plist.strings; name = ur; path = ur.lproj/LaunchScreen.strings; sourceTree = "<group>"; };
		3D52257320CDF53800CF8C3D /* ur */ = {isa = PBXFileReference; lastKnownFileType = text.plist.strings; name = ur; path = ur.lproj/MainInterface.strings; sourceTree = "<group>"; };
		3D52257620CDF53800CF8C3D /* ur */ = {isa = PBXFileReference; lastKnownFileType = text.plist.strings; name = ur; path = ur.lproj/Localizable.strings; sourceTree = "<group>"; };
		3D52257820CDF54800CF8C3D /* fr */ = {isa = PBXFileReference; lastKnownFileType = text.plist.strings; name = fr; path = fr.lproj/QiblaViewController.strings; sourceTree = "<group>"; };
		3D52257920CDF55700CF8C3D /* ur */ = {isa = PBXFileReference; lastKnownFileType = text.plist.strings; name = ur; path = ur.lproj/QiblaViewController.strings; sourceTree = "<group>"; };
		3D52257A20CDF5BA00CF8C3D /* Base */ = {isa = PBXFileReference; lastKnownFileType = file.xib; name = Base; path = Base.lproj/QiblaViewController.xib; sourceTree = "<group>"; };
		3D52257B20CDF5D200CF8C3D /* en */ = {isa = PBXFileReference; lastKnownFileType = text.plist.strings; name = en; path = en.lproj/QiblaViewController.strings; sourceTree = "<group>"; };
		3D6308321C08F3D700AC32B6 /* LocationInputController.swift */ = {isa = PBXFileReference; fileEncoding = 4; lastKnownFileType = sourcecode.swift; path = LocationInputController.swift; sourceTree = "<group>"; };
		3D6308331C08F3D700AC32B6 /* LocationInputController.xib */ = {isa = PBXFileReference; fileEncoding = 4; lastKnownFileType = file.xib; path = LocationInputController.xib; sourceTree = "<group>"; };
		3D73EBE9256F5DEA0010C47D /* SolarView.swift */ = {isa = PBXFileReference; lastKnownFileType = sourcecode.swift; path = SolarView.swift; sourceTree = "<group>"; };
		3D73FC53228459FE0092A83C /* AthanSiriIntents.entitlements */ = {isa = PBXFileReference; lastKnownFileType = text.plist.entitlements; path = AthanSiriIntents.entitlements; sourceTree = "<group>"; };
		3D73FC55228491EA0092A83C /* ToneSettingCell.swift */ = {isa = PBXFileReference; lastKnownFileType = sourcecode.swift; path = ToneSettingCell.swift; sourceTree = "<group>"; };
		3D73FC56228491EA0092A83C /* ToneSettingCell.xib */ = {isa = PBXFileReference; lastKnownFileType = file.xib; path = ToneSettingCell.xib; sourceTree = "<group>"; };
		3D73FC592284A2020092A83C /* SiriCell.swift */ = {isa = PBXFileReference; lastKnownFileType = sourcecode.swift; path = SiriCell.swift; sourceTree = "<group>"; };
		3D73FC5A2284A2020092A83C /* SiriCell.xib */ = {isa = PBXFileReference; lastKnownFileType = file.xib; path = SiriCell.xib; sourceTree = "<group>"; };
		3D73FC662284DC720092A83C /* Base */ = {isa = PBXFileReference; lastKnownFileType = text.plist.xml; name = Base; path = Base.lproj/AppIntentVocabulary.plist; sourceTree = "<group>"; };
		3D73FC6A2284EE1C0092A83C /* Settings.swift */ = {isa = PBXFileReference; lastKnownFileType = sourcecode.swift; path = Settings.swift; sourceTree = "<group>"; };
		3D73FC7322875CC70092A83C /* makkah-preview.caf */ = {isa = PBXFileReference; lastKnownFileType = file; path = "makkah-preview.caf"; sourceTree = "<group>"; };
		3D73FC7422875CC80092A83C /* alaqsa-preview.caf */ = {isa = PBXFileReference; lastKnownFileType = file; path = "alaqsa-preview.caf"; sourceTree = "<group>"; };
		3D73FC7522875CC80092A83C /* abdulghaffar-preview.caf */ = {isa = PBXFileReference; lastKnownFileType = file; path = "abdulghaffar-preview.caf"; sourceTree = "<group>"; };
		3D73FC7622875CC80092A83C /* abdulbaset-preview.caf */ = {isa = PBXFileReference; lastKnownFileType = file; path = "abdulbaset-preview.caf"; sourceTree = "<group>"; };
		3D73FC7722875CC80092A83C /* echo-preview.caf */ = {isa = PBXFileReference; lastKnownFileType = file; path = "echo-preview.caf"; sourceTree = "<group>"; };
		3D73FC7822875CC90092A83C /* madina-preview.caf */ = {isa = PBXFileReference; lastKnownFileType = file; path = "madina-preview.caf"; sourceTree = "<group>"; };
		3D73FC7922875CC90092A83C /* egypt-preview.caf */ = {isa = PBXFileReference; lastKnownFileType = file; path = "egypt-preview.caf"; sourceTree = "<group>"; };
		3D73FC8222887E670092A83C /* NoteSoundPlayer.swift */ = {isa = PBXFileReference; lastKnownFileType = sourcecode.swift; path = NoteSoundPlayer.swift; sourceTree = "<group>"; };
		3D76E8A81C0621D60004E3F7 /* OptionsNavigatonController.swift */ = {isa = PBXFileReference; fileEncoding = 4; lastKnownFileType = sourcecode.swift; path = OptionsNavigatonController.swift; sourceTree = "<group>"; };
		3D77056A251C37F4007BCEAA /* UIView_Convenience.swift */ = {isa = PBXFileReference; lastKnownFileType = sourcecode.swift; path = UIView_Convenience.swift; sourceTree = "<group>"; };
		3D770589251C5FDC007BCEAA /* Athan WidgetExtension.entitlements */ = {isa = PBXFileReference; lastKnownFileType = text.plist.entitlements; path = "Athan WidgetExtension.entitlements"; sourceTree = "<group>"; };
		3D7D42C11C00E5380013956C /* SettingsViewController.swift */ = {isa = PBXFileReference; fileEncoding = 4; lastKnownFileType = sourcecode.swift; path = SettingsViewController.swift; sourceTree = "<group>"; };
		3D7D42C21C00E5380013956C /* SettingsViewController.xib */ = {isa = PBXFileReference; fileEncoding = 4; lastKnownFileType = file.xib; path = SettingsViewController.xib; sourceTree = "<group>"; };
		3D81809220FE565E00AEF72F /* SnapshotHelper.swift */ = {isa = PBXFileReference; fileEncoding = 4; lastKnownFileType = sourcecode.swift; path = SnapshotHelper.swift; sourceTree = "<group>"; };
		3D89E71320C75DBF00E64118 /* SwiftSpinner.swift */ = {isa = PBXFileReference; lastKnownFileType = sourcecode.swift; path = SwiftSpinner.swift; sourceTree = "<group>"; };
		3D89E71520C75E6000E64118 /* Intents.intentdefinition */ = {isa = PBXFileReference; lastKnownFileType = file.intentdefinition; path = Intents.intentdefinition; sourceTree = "<group>"; };
		3D89E73C20C88A0A00E64118 /* IntentsUI.framework */ = {isa = PBXFileReference; lastKnownFileType = wrapper.framework; name = IntentsUI.framework; path = System/Library/Frameworks/IntentsUI.framework; sourceTree = SDKROOT; };
		3D8CE83A256965F0006D6E46 /* PrayerSettings.swift */ = {isa = PBXFileReference; lastKnownFileType = sourcecode.swift; path = PrayerSettings.swift; sourceTree = "<group>"; };
		3D936A1A1BE3A98B0060790D /* QiblaViewController.swift */ = {isa = PBXFileReference; fileEncoding = 4; lastKnownFileType = sourcecode.swift; name = QiblaViewController.swift; path = ../QiblaViewController.swift; sourceTree = "<group>"; };
		3D936A1E1BE3AF030060790D /* HeadingDelegate.swift */ = {isa = PBXFileReference; fileEncoding = 4; lastKnownFileType = sourcecode.swift; path = HeadingDelegate.swift; sourceTree = "<group>"; };
		3D93E9DF21829D0C002019B7 /* Intents.framework */ = {isa = PBXFileReference; lastKnownFileType = wrapper.framework; name = Intents.framework; path = System/Library/Frameworks/Intents.framework; sourceTree = SDKROOT; };
		3D93EA072182C447002019B7 /* AthanSiriIntents.appex */ = {isa = PBXFileReference; explicitFileType = "wrapper.app-extension"; includeInIndex = 0; path = AthanSiriIntents.appex; sourceTree = BUILT_PRODUCTS_DIR; };
		3D93EA092182C447002019B7 /* IntentHandler.swift */ = {isa = PBXFileReference; lastKnownFileType = sourcecode.swift; path = IntentHandler.swift; sourceTree = "<group>"; };
		3D93EA0B2182C447002019B7 /* Info.plist */ = {isa = PBXFileReference; lastKnownFileType = text.plist.xml; path = Info.plist; sourceTree = "<group>"; };
		3DA6F01225617BBE00C2C348 /* NotificationsManager.swift */ = {isa = PBXFileReference; lastKnownFileType = sourcecode.swift; path = NotificationsManager.swift; sourceTree = "<group>"; };
		3DA6F01E256184AA00C2C348 /* Prayer+Extensions.swift */ = {isa = PBXFileReference; lastKnownFileType = sourcecode.swift; path = "Prayer+Extensions.swift"; sourceTree = "<group>"; };
		3DAE451D256089D600156CFF /* WhatsNewViewController.swift */ = {isa = PBXFileReference; fileEncoding = 4; lastKnownFileType = sourcecode.swift; path = WhatsNewViewController.swift; sourceTree = "<group>"; };
		3DAE451F256089D600156CFF /* WhatsNew.xib */ = {isa = PBXFileReference; fileEncoding = 4; lastKnownFileType = file.xib; path = WhatsNew.xib; sourceTree = "<group>"; };
		3DAE4520256089D600156CFF /* WhatsNewItemImageView.xib */ = {isa = PBXFileReference; fileEncoding = 4; lastKnownFileType = file.xib; path = WhatsNewItemImageView.xib; sourceTree = "<group>"; };
		3DAE4521256089D600156CFF /* .gitkeep */ = {isa = PBXFileReference; fileEncoding = 4; lastKnownFileType = text; path = .gitkeep; sourceTree = "<group>"; };
		3DAE4522256089D600156CFF /* WhatsNewItemTextView.xib */ = {isa = PBXFileReference; fileEncoding = 4; lastKnownFileType = file.xib; path = WhatsNewItemTextView.xib; sourceTree = "<group>"; };
		3DAE4524256089D600156CFF /* NibLoadable.swift */ = {isa = PBXFileReference; fileEncoding = 4; lastKnownFileType = sourcecode.swift; path = NibLoadable.swift; sourceTree = "<group>"; };
		3DAE4526256089D600156CFF /* PresentationOption.swift */ = {isa = PBXFileReference; fileEncoding = 4; lastKnownFileType = sourcecode.swift; path = PresentationOption.swift; sourceTree = "<group>"; };
		3DAE4527256089D600156CFF /* WhatsNewItemTextView.swift */ = {isa = PBXFileReference; fileEncoding = 4; lastKnownFileType = sourcecode.swift; path = WhatsNewItemTextView.swift; sourceTree = "<group>"; };
		3DAE4528256089D600156CFF /* WhatsNewItemImageView.swift */ = {isa = PBXFileReference; fileEncoding = 4; lastKnownFileType = sourcecode.swift; path = WhatsNewItemImageView.swift; sourceTree = "<group>"; };
		3DAE4529256089D600156CFF /* WhatsNewItem.swift */ = {isa = PBXFileReference; fileEncoding = 4; lastKnownFileType = sourcecode.swift; path = WhatsNewItem.swift; sourceTree = "<group>"; };
		3DAE452A256089D600156CFF /* WhatsNew.swift */ = {isa = PBXFileReference; fileEncoding = 4; lastKnownFileType = sourcecode.swift; path = WhatsNew.swift; sourceTree = "<group>"; };
		3DAE45532560976900156CFF /* SqueezeButton.swift */ = {isa = PBXFileReference; fileEncoding = 4; lastKnownFileType = sourcecode.swift; path = SqueezeButton.swift; sourceTree = "<group>"; };
		3DAE455A2560984500156CFF /* AnimatedLabel.swift */ = {isa = PBXFileReference; lastKnownFileType = sourcecode.swift; path = AnimatedLabel.swift; sourceTree = "<group>"; };
		3DB56CE62281FA3800B9F738 /* NextPrayerIntentHandler.swift */ = {isa = PBXFileReference; lastKnownFileType = sourcecode.swift; path = NextPrayerIntentHandler.swift; sourceTree = "<group>"; };
		3DB56CE82281FA4E00B9F738 /* ListPrayersIntentHandler.swift */ = {isa = PBXFileReference; lastKnownFileType = sourcecode.swift; path = ListPrayersIntentHandler.swift; sourceTree = "<group>"; };
		3DC2FB072464E044005D1EF5 /* Todo.md */ = {isa = PBXFileReference; lastKnownFileType = net.daringfireball.markdown; path = Todo.md; sourceTree = "<group>"; };
		3DCB30CA236B109200D47C7C /* UIView+Fading.swift */ = {isa = PBXFileReference; lastKnownFileType = sourcecode.swift; path = "UIView+Fading.swift"; sourceTree = "<group>"; };
		3DD3B4871C0D1B9400DC91E6 /* AboutViewController.swift */ = {isa = PBXFileReference; fileEncoding = 4; lastKnownFileType = sourcecode.swift; path = AboutViewController.swift; sourceTree = "<group>"; };
		3DD3B48F1C0D3B5700DC91E6 /* AthanToday.appex */ = {isa = PBXFileReference; explicitFileType = "wrapper.app-extension"; includeInIndex = 0; path = AthanToday.appex; sourceTree = BUILT_PRODUCTS_DIR; };
		3DD3B4911C0D3B5700DC91E6 /* NotificationCenter.framework */ = {isa = PBXFileReference; lastKnownFileType = wrapper.framework; name = NotificationCenter.framework; path = System/Library/Frameworks/NotificationCenter.framework; sourceTree = SDKROOT; };
		3DD3B4941C0D3B5700DC91E6 /* TodayViewController.swift */ = {isa = PBXFileReference; lastKnownFileType = sourcecode.swift; path = TodayViewController.swift; sourceTree = "<group>"; };
		3DD3B4971C0D3B5700DC91E6 /* Base */ = {isa = PBXFileReference; lastKnownFileType = file.storyboard; name = Base; path = Base.lproj/MainInterface.storyboard; sourceTree = "<group>"; };
		3DD3B4991C0D3B5700DC91E6 /* Info.plist */ = {isa = PBXFileReference; lastKnownFileType = text.plist.xml; path = Info.plist; sourceTree = "<group>"; };
		3DD51AF320FC59FF000CBFFC /* Athan Utility UITests.xctest */ = {isa = PBXFileReference; explicitFileType = wrapper.cfbundle; includeInIndex = 0; path = "Athan Utility UITests.xctest"; sourceTree = BUILT_PRODUCTS_DIR; };
		3DD51AF520FC5A00000CBFFC /* Athan_Utility_UITests.swift */ = {isa = PBXFileReference; lastKnownFileType = sourcecode.swift; path = Athan_Utility_UITests.swift; sourceTree = "<group>"; };
		3DD51AF720FC5A00000CBFFC /* Info.plist */ = {isa = PBXFileReference; lastKnownFileType = text.plist.xml; path = Info.plist; sourceTree = "<group>"; };
		3DD843B620CE5D3100D4309E /* tr */ = {isa = PBXFileReference; lastKnownFileType = text.plist.strings; name = tr; path = tr.lproj/Main.strings; sourceTree = "<group>"; };
		3DD843B720CE5D3100D4309E /* tr */ = {isa = PBXFileReference; lastKnownFileType = text.plist.strings; name = tr; path = tr.lproj/QiblaViewController.strings; sourceTree = "<group>"; };
		3DD843B820CE5D3100D4309E /* tr */ = {isa = PBXFileReference; lastKnownFileType = text.plist.strings; name = tr; path = tr.lproj/LaunchScreen.strings; sourceTree = "<group>"; };
		3DD843B920CE5D3100D4309E /* tr */ = {isa = PBXFileReference; lastKnownFileType = text.plist.strings; name = tr; path = tr.lproj/MainInterface.strings; sourceTree = "<group>"; };
		3DD843BC20CE5D3200D4309E /* tr */ = {isa = PBXFileReference; lastKnownFileType = text.plist.strings; name = tr; path = tr.lproj/Localizable.strings; sourceTree = "<group>"; };
		3DDE264D1BDD27B1004D3D1D /* Athan Utility Test-Bridging-Header.h */ = {isa = PBXFileReference; lastKnownFileType = sourcecode.c.h; path = "Athan Utility Test-Bridging-Header.h"; sourceTree = "<group>"; };
		3DE8632F251FF2530003FB06 /* CalculationSettingController.swift */ = {isa = PBXFileReference; lastKnownFileType = sourcecode.swift; path = CalculationSettingController.swift; sourceTree = "<group>"; };
		3DF0040F1C14D957006AB3D7 /* Athan Utility.entitlements */ = {isa = PBXFileReference; lastKnownFileType = text.xml; path = "Athan Utility.entitlements"; sourceTree = "<group>"; };
		3DF004101C14D9A6006AB3D7 /* AthanToday.entitlements */ = {isa = PBXFileReference; lastKnownFileType = text.xml; path = AthanToday.entitlements; sourceTree = "<group>"; };
		3DF0EE9921038E3400624E98 /* PrayerType.swift */ = {isa = PBXFileReference; lastKnownFileType = sourcecode.swift; path = PrayerType.swift; sourceTree = "<group>"; };
/* End PBXFileReference section */

/* Begin PBXFrameworksBuildPhase section */
		3D07DA781BDC58B50001EFE4 /* Frameworks */ = {
			isa = PBXFrameworksBuildPhase;
			buildActionMask = 2147483647;
			files = (
				3DAE4496256088DA00156CFF /* SwiftSpinner in Frameworks */,
				3D16F1042560851B00C78B12 /* Adhan in Frameworks */,
				3D93E9E021829D0C002019B7 /* Intents.framework in Frameworks */,
			);
			runOnlyForDeploymentPostprocessing = 0;
		};
		3D20CB182518DA0900275206 /* Frameworks */ = {
			isa = PBXFrameworksBuildPhase;
			buildActionMask = 2147483647;
			files = (
				3D73EC00257029530010C47D /* Adhan in Frameworks */,
				3D20CB1F2518DA0900275206 /* SwiftUI.framework in Frameworks */,
				3D20CB1D2518DA0900275206 /* WidgetKit.framework in Frameworks */,
			);
			runOnlyForDeploymentPostprocessing = 0;
		};
		3D93EA042182C447002019B7 /* Frameworks */ = {
			isa = PBXFrameworksBuildPhase;
			buildActionMask = 2147483647;
			files = (
				3D73EBFE2570294B0010C47D /* Adhan in Frameworks */,
			);
			runOnlyForDeploymentPostprocessing = 0;
		};
		3DD3B48C1C0D3B5700DC91E6 /* Frameworks */ = {
			isa = PBXFrameworksBuildPhase;
			buildActionMask = 2147483647;
			files = (
				3DD3B4921C0D3B5700DC91E6 /* NotificationCenter.framework in Frameworks */,
			);
			runOnlyForDeploymentPostprocessing = 0;
		};
		3DD51AF020FC59FF000CBFFC /* Frameworks */ = {
			isa = PBXFrameworksBuildPhase;
			buildActionMask = 2147483647;
			files = (
			);
			runOnlyForDeploymentPostprocessing = 0;
		};
/* End PBXFrameworksBuildPhase section */

/* Begin PBXGroup section */
		3D07DA721BDC58B50001EFE4 = {
			isa = PBXGroup;
			children = (
				3D07DA7D1BDC58B50001EFE4 /* Athan Utility */,
				3DD51AF420FC5A00000CBFFC /* Athan Utility UITests */,
				3DD3B4931C0D3B5700DC91E6 /* AthanToday */,
				3D93EA082182C447002019B7 /* AthanSiriIntents */,
				3D20CB202518DA0900275206 /* Athan Widget */,
				3DD3B4901C0D3B5700DC91E6 /* Frameworks */,
				3D07DA7C1BDC58B50001EFE4 /* Products */,
				3D20ED602563356600699A4F /* Recovered References */,
			);
			sourceTree = "<group>";
		};
		3D07DA7C1BDC58B50001EFE4 /* Products */ = {
			isa = PBXGroup;
			children = (
				3D07DA7B1BDC58B50001EFE4 /* Athan Utility.app */,
				3DD3B48F1C0D3B5700DC91E6 /* AthanToday.appex */,
				3DD51AF320FC59FF000CBFFC /* Athan Utility UITests.xctest */,
				3D93EA072182C447002019B7 /* AthanSiriIntents.appex */,
				3D20CB1B2518DA0900275206 /* Athan WidgetExtension.appex */,
			);
			name = Products;
			sourceTree = "<group>";
		};
		3D07DA7D1BDC58B50001EFE4 /* Athan Utility */ = {
			isa = PBXGroup;
			children = (
				3DC2FB072464E044005D1EF5 /* Todo.md */,
				3D07DA7E1BDC58B60001EFE4 /* AppDelegate.swift */,
				3D4AC194251D94BE00B2D41D /* SceneDelegate.swift */,
				3D16F10A2560859D00C78B12 /* AthanManager.swift */,
				3D1E50D4256D64D0003E2E34 /* SwiftUI Views */,
				3D8CE84125696639006D6E46 /* Settings Managers */,
				3DA6F01E256184AA00C2C348 /* Prayer+Extensions.swift */,
				3D52255720CDD25800CF8C3D /* Localizable.strings */,
				3DF0040F1C14D957006AB3D7 /* Athan Utility.entitlements */,
				3D15F53E242828590010C709 /* LaunchScreen.xib */,
				3D07DA801BDC58B60001EFE4 /* ViewController.swift */,
				3D07DA821BDC58B60001EFE4 /* Main.storyboard */,
				3DAE45662560A4F100156CFF /* Helper Views */,
				3D4416E71C05174700329AA0 /* General */,
				3D4416E61C05173D00329AA0 /* Qibla */,
				3D4416E51C05172400329AA0 /* Settings */,
				3D4CEDA61BDD597700CA095E /* Table */,
				3D4CEDA41BDD594800CA095E /* Clock and Elapsed View */,
				3DAE451C256089D600156CFF /* WhatsNew */,
				3D07DA851BDC58B60001EFE4 /* Assets.xcassets */,
				3D770589251C5FDC007BCEAA /* Athan WidgetExtension.entitlements */,
				3D15F53C242827210010C709 /* Default-568h@2x.png */,
				3D07DA8A1BDC58B60001EFE4 /* Info.plist */,
				3D89E71520C75E6000E64118 /* Intents.intentdefinition */,
				3D07DA871BDC58B60001EFE4 /* LaunchScreen.storyboard */,
			);
			path = "Athan Utility";
			sourceTree = "<group>";
		};
		3D1E50D4256D64D0003E2E34 /* SwiftUI Views */ = {
			isa = PBXGroup;
			children = (
				3D4AC133251D894600B2D41D /* MainSwiftUI.swift */,
				3D1E50E8256DFAD4003E2E34 /* MoonView.swift */,
				3D1E50EF256F4620003E2E34 /* Colors.swift */,
				3D1E50E1256D667D003E2E34 /* QiblaPointerView.swift */,
				3D73EBE9256F5DEA0010C47D /* SolarView.swift */,
			);
			name = "SwiftUI Views";
			sourceTree = "<group>";
		};
		3D20CB202518DA0900275206 /* Athan Widget */ = {
			isa = PBXGroup;
			children = (
				3D20CB212518DA0900275206 /* Athan_Widget.swift */,
				3D11D971251C2BD9009F6146 /* Widget_Provider.swift */,
				3D02C9E4251EC134003FFA92 /* Athan_Widget.intentdefinition */,
				3D20CB242518DA0B00275206 /* Assets.xcassets */,
				3D20CB262518DA0B00275206 /* Info.plist */,
			);
			path = "Athan Widget";
			sourceTree = "<group>";
		};
		3D20ED602563356600699A4F /* Recovered References */ = {
			isa = PBXGroup;
			children = (
			);
			name = "Recovered References";
			sourceTree = "<group>";
		};
		3D4416E51C05172400329AA0 /* Settings */ = {
			isa = PBXGroup;
			children = (
				3D73FC672284DC720092A83C /* AppIntentVocabulary.plist */,
				3DD3B4871C0D1B9400DC91E6 /* AboutViewController.swift */,
				3D1AD81B1C835DC4009C5865 /* AboutViewController.xib */,
				3D6308321C08F3D700AC32B6 /* LocationInputController.swift */,
				3D6308331C08F3D700AC32B6 /* LocationInputController.xib */,
				3D1F39171C023EB1005C1773 /* PrayerSettingController.swift */,
				3DE8632F251FF2530003FB06 /* CalculationSettingController.swift */,
				3D7D42C11C00E5380013956C /* SettingsViewController.swift */,
				3D7D42C21C00E5380013956C /* SettingsViewController.xib */,
				3D033BD71C01203F00CCE84A /* PrayerSettingCell.swift */,
				3D033BD81C01203F00CCE84A /* PrayerSettingCell.xib */,
				3D73FC55228491EA0092A83C /* ToneSettingCell.swift */,
				3D73FC56228491EA0092A83C /* ToneSettingCell.xib */,
				3D73FC592284A2020092A83C /* SiriCell.swift */,
				3D73FC5A2284A2020092A83C /* SiriCell.xib */,
			);
			name = Settings;
			sourceTree = "<group>";
		};
		3D4416E61C05173D00329AA0 /* Qibla */ = {
			isa = PBXGroup;
			children = (
				3D936A1E1BE3AF030060790D /* HeadingDelegate.swift */,
				3D936A1A1BE3A98B0060790D /* QiblaViewController.swift */,
				3D52256720CDF4FA00CF8C3D /* QiblaViewController.xib */,
			);
			name = Qibla;
			sourceTree = "<group>";
		};
		3D4416E71C05174700329AA0 /* General */ = {
			isa = PBXGroup;
			children = (
				3D07DA901BDC58E30001EFE4 /* Global.swift */,
				3D07DA981BDC58E30001EFE4 /* PrayerManager.swift */,
				3D77056A251C37F4007BCEAA /* UIView_Convenience.swift */,
				3D73FC6A2284EE1C0092A83C /* Settings.swift */,
				3D73FC8222887E670092A83C /* NoteSoundPlayer.swift */,
				3DF0EE9921038E3400624E98 /* PrayerType.swift */,
				3D07DA991BDC58E30001EFE4 /* PrayerManagerDelegate.swift */,
				3DDE264D1BDD27B1004D3D1D /* Athan Utility Test-Bridging-Header.h */,
			);
			name = General;
			sourceTree = "<group>";
		};
		3D4CEDA41BDD594800CA095E /* Clock and Elapsed View */ = {
			isa = PBXGroup;
			children = (
				3D4CEDAF1BDDA1D800CA095E /* ElapsedView.swift */,
				3D07DA961BDC58E30001EFE4 /* ClockView.swift */,
				3D76E8A81C0621D60004E3F7 /* OptionsNavigatonController.swift */,
				3D07DA971BDC58E30001EFE4 /* BubbleTextView.swift */,
				3D73FC8122875CCF0092A83C /* Notification Sound Previews */,
			);
			name = "Clock and Elapsed View";
			sourceTree = "<group>";
		};
		3D4CEDA61BDD597700CA095E /* Table */ = {
			isa = PBXGroup;
			children = (
				3D07DA921BDC58E30001EFE4 /* TableController.swift */,
				3D07DA931BDC58E30001EFE4 /* PrayerCell.swift */,
				3D07DA941BDC58E30001EFE4 /* PrayerCell.xib */,
			);
			name = Table;
			sourceTree = "<group>";
		};
		3D73FC8122875CCF0092A83C /* Notification Sound Previews */ = {
			isa = PBXGroup;
			children = (
				3D73FC7622875CC80092A83C /* abdulbaset-preview.caf */,
				3D73FC7522875CC80092A83C /* abdulghaffar-preview.caf */,
				3D73FC7422875CC80092A83C /* alaqsa-preview.caf */,
				3D73FC7722875CC80092A83C /* echo-preview.caf */,
				3D73FC7922875CC90092A83C /* egypt-preview.caf */,
				3D73FC7822875CC90092A83C /* madina-preview.caf */,
				3D73FC7322875CC70092A83C /* makkah-preview.caf */,
			);
			name = "Notification Sound Previews";
			sourceTree = "<group>";
		};
		3D8CE84125696639006D6E46 /* Settings Managers */ = {
			isa = PBXGroup;
			children = (
				3DA6F01225617BBE00C2C348 /* NotificationsManager.swift */,
				3D8CE83A256965F0006D6E46 /* PrayerSettings.swift */,
			);
			name = "Settings Managers";
			sourceTree = "<group>";
		};
		3D93EA082182C447002019B7 /* AthanSiriIntents */ = {
			isa = PBXGroup;
			children = (
				3D73FC53228459FE0092A83C /* AthanSiriIntents.entitlements */,
				3D93EA092182C447002019B7 /* IntentHandler.swift */,
				3DB56CE62281FA3800B9F738 /* NextPrayerIntentHandler.swift */,
				3DB56CE82281FA4E00B9F738 /* ListPrayersIntentHandler.swift */,
				3D93EA0B2182C447002019B7 /* Info.plist */,
			);
			path = AthanSiriIntents;
			sourceTree = "<group>";
		};
		3DAE451C256089D600156CFF /* WhatsNew */ = {
			isa = PBXGroup;
			children = (
				3DAE455A2560984500156CFF /* AnimatedLabel.swift */,
				3DAE451D256089D600156CFF /* WhatsNewViewController.swift */,
				3DAE451E256089D600156CFF /* Resources */,
				3DAE4523256089D600156CFF /* Utils */,
				3DAE4525256089D600156CFF /* Items */,
			);
			path = WhatsNew;
			sourceTree = "<group>";
		};
		3DAE451E256089D600156CFF /* Resources */ = {
			isa = PBXGroup;
			children = (
				3DAE451F256089D600156CFF /* WhatsNew.xib */,
				3DAE4520256089D600156CFF /* WhatsNewItemImageView.xib */,
				3DAE4521256089D600156CFF /* .gitkeep */,
				3DAE4522256089D600156CFF /* WhatsNewItemTextView.xib */,
			);
			path = Resources;
			sourceTree = "<group>";
		};
		3DAE4523256089D600156CFF /* Utils */ = {
			isa = PBXGroup;
			children = (
				3DAE4524256089D600156CFF /* NibLoadable.swift */,
			);
			path = Utils;
			sourceTree = "<group>";
		};
		3DAE4525256089D600156CFF /* Items */ = {
			isa = PBXGroup;
			children = (
				3DAE4526256089D600156CFF /* PresentationOption.swift */,
				3DAE4527256089D600156CFF /* WhatsNewItemTextView.swift */,
				3DAE4528256089D600156CFF /* WhatsNewItemImageView.swift */,
				3DAE4529256089D600156CFF /* WhatsNewItem.swift */,
				3DAE452A256089D600156CFF /* WhatsNew.swift */,
			);
			path = Items;
			sourceTree = "<group>";
		};
		3DAE45662560A4F100156CFF /* Helper Views */ = {
			isa = PBXGroup;
			children = (
				3DCB30CA236B109200D47C7C /* UIView+Fading.swift */,
				3D89E71320C75DBF00E64118 /* SwiftSpinner.swift */,
				3DAE45532560976900156CFF /* SqueezeButton.swift */,
			);
			name = "Helper Views";
			sourceTree = "<group>";
		};
		3DD3B4901C0D3B5700DC91E6 /* Frameworks */ = {
			isa = PBXGroup;
			children = (
				3D93E9DF21829D0C002019B7 /* Intents.framework */,
				3DD3B4911C0D3B5700DC91E6 /* NotificationCenter.framework */,
				3D89E73C20C88A0A00E64118 /* IntentsUI.framework */,
				3D20CB1C2518DA0900275206 /* WidgetKit.framework */,
				3D20CB1E2518DA0900275206 /* SwiftUI.framework */,
			);
			name = Frameworks;
			sourceTree = "<group>";
		};
		3DD3B4931C0D3B5700DC91E6 /* AthanToday */ = {
			isa = PBXGroup;
			children = (
				3DF004101C14D9A6006AB3D7 /* AthanToday.entitlements */,
				3DD3B4941C0D3B5700DC91E6 /* TodayViewController.swift */,
				3DD3B4961C0D3B5700DC91E6 /* MainInterface.storyboard */,
				3D32B57E1C14D03A003CAE1B /* sunhorizon.png */,
				3D32B5821C14D32E003CAE1B /* moon.png */,
				3D32B5841C14D34D003CAE1B /* sun.png */,
				3D32B5801C14D31D003CAE1B /* sunfilled.png */,
				3DD3B4991C0D3B5700DC91E6 /* Info.plist */,
			);
			path = AthanToday;
			sourceTree = "<group>";
		};
		3DD51AF420FC5A00000CBFFC /* Athan Utility UITests */ = {
			isa = PBXGroup;
			children = (
				3DD51AF520FC5A00000CBFFC /* Athan_Utility_UITests.swift */,
				3D81809220FE565E00AEF72F /* SnapshotHelper.swift */,
				3DD51AF720FC5A00000CBFFC /* Info.plist */,
			);
			path = "Athan Utility UITests";
			sourceTree = "<group>";
		};
/* End PBXGroup section */

/* Begin PBXNativeTarget section */
		3D07DA7A1BDC58B50001EFE4 /* Athan Utility */ = {
			isa = PBXNativeTarget;
			buildConfigurationList = 3D07DA8D1BDC58B60001EFE4 /* Build configuration list for PBXNativeTarget "Athan Utility" */;
			buildPhases = (
				3D07DA771BDC58B50001EFE4 /* Sources */,
				3D07DA781BDC58B50001EFE4 /* Frameworks */,
				3D07DA791BDC58B50001EFE4 /* Resources */,
				3DD3B4A01C0D3B5700DC91E6 /* Embed App Extensions */,
				3D3DD6011C2B1F7300FEBB3D /* Embed Watch Content */,
			);
			buildRules = (
			);
			dependencies = (
				3D93EA1D2182C447002019B7 /* PBXTargetDependency */,
				3D20CB2A2518DA0B00275206 /* PBXTargetDependency */,
			);
			name = "Athan Utility";
			packageProductDependencies = (
				3D16F1032560851B00C78B12 /* Adhan */,
				3DAE4495256088DA00156CFF /* SwiftSpinner */,
			);
			productName = "Athan Utility";
			productReference = 3D07DA7B1BDC58B50001EFE4 /* Athan Utility.app */;
			productType = "com.apple.product-type.application";
		};
		3D20CB1A2518DA0900275206 /* Athan WidgetExtension */ = {
			isa = PBXNativeTarget;
			buildConfigurationList = 3D20CB2E2518DA0B00275206 /* Build configuration list for PBXNativeTarget "Athan WidgetExtension" */;
			buildPhases = (
				3D20CB172518DA0900275206 /* Sources */,
				3D20CB182518DA0900275206 /* Frameworks */,
				3D20CB192518DA0900275206 /* Resources */,
			);
			buildRules = (
			);
			dependencies = (
			);
			name = "Athan WidgetExtension";
			packageProductDependencies = (
				3D73EBFF257029530010C47D /* Adhan */,
			);
			productName = "Athan WidgetExtension";
			productReference = 3D20CB1B2518DA0900275206 /* Athan WidgetExtension.appex */;
			productType = "com.apple.product-type.app-extension";
		};
		3D93EA062182C447002019B7 /* AthanSiriIntents */ = {
			isa = PBXNativeTarget;
			buildConfigurationList = 3D93EA222182C447002019B7 /* Build configuration list for PBXNativeTarget "AthanSiriIntents" */;
			buildPhases = (
				3D93EA032182C447002019B7 /* Sources */,
				3D93EA042182C447002019B7 /* Frameworks */,
				3D93EA052182C447002019B7 /* Resources */,
			);
			buildRules = (
			);
			dependencies = (
			);
			name = AthanSiriIntents;
			packageProductDependencies = (
				3D73EBFD2570294B0010C47D /* Adhan */,
			);
			productName = AthanSiriIntents;
			productReference = 3D93EA072182C447002019B7 /* AthanSiriIntents.appex */;
			productType = "com.apple.product-type.app-extension";
		};
		3DD3B48E1C0D3B5700DC91E6 /* AthanToday */ = {
			isa = PBXNativeTarget;
			buildConfigurationList = 3DD3B49F1C0D3B5700DC91E6 /* Build configuration list for PBXNativeTarget "AthanToday" */;
			buildPhases = (
				3DD3B48B1C0D3B5700DC91E6 /* Sources */,
				3DD3B48C1C0D3B5700DC91E6 /* Frameworks */,
				3DD3B48D1C0D3B5700DC91E6 /* Resources */,
			);
			buildRules = (
			);
			dependencies = (
			);
			name = AthanToday;
			productName = AthanToday;
			productReference = 3DD3B48F1C0D3B5700DC91E6 /* AthanToday.appex */;
			productType = "com.apple.product-type.app-extension";
		};
		3DD51AF220FC59FF000CBFFC /* Athan Utility UITests */ = {
			isa = PBXNativeTarget;
			buildConfigurationList = 3DD51AFA20FC5A00000CBFFC /* Build configuration list for PBXNativeTarget "Athan Utility UITests" */;
			buildPhases = (
				3DD51AEF20FC59FF000CBFFC /* Sources */,
				3DD51AF020FC59FF000CBFFC /* Frameworks */,
				3DD51AF120FC59FF000CBFFC /* Resources */,
			);
			buildRules = (
			);
			dependencies = (
				3DD51AF920FC5A00000CBFFC /* PBXTargetDependency */,
			);
			name = "Athan Utility UITests";
			productName = "Athan Utility UITests";
			productReference = 3DD51AF320FC59FF000CBFFC /* Athan Utility UITests.xctest */;
			productType = "com.apple.product-type.bundle.ui-testing";
		};
/* End PBXNativeTarget section */

/* Begin PBXProject section */
		3D07DA731BDC58B50001EFE4 /* Project object */ = {
			isa = PBXProject;
			attributes = {
				LastSwiftMigration = 0730;
				LastSwiftUpdateCheck = 1200;
				LastUpgradeCheck = 1200;
				ORGANIZATIONNAME = "Omar Alejel";
				TargetAttributes = {
					3D07DA7A1BDC58B50001EFE4 = {
						CreatedOnToolsVersion = 7.1;
						DevelopmentTeam = DL7989H5XT;
						LastSwiftMigration = 1020;
						SystemCapabilities = {
							com.apple.ApplicationGroups.iOS = {
								enabled = 1;
							};
							com.apple.Siri = {
								enabled = 1;
							};
						};
					};
					3D20CB1A2518DA0900275206 = {
						CreatedOnToolsVersion = 12.0;
					};
					3D93EA062182C447002019B7 = {
						CreatedOnToolsVersion = 10.0;
						DevelopmentTeam = DL7989H5XT;
						LastSwiftMigration = 1020;
						ProvisioningStyle = Automatic;
						SystemCapabilities = {
							com.apple.ApplicationGroups.iOS = {
								enabled = 1;
							};
						};
					};
					3DD3B48E1C0D3B5700DC91E6 = {
						CreatedOnToolsVersion = 7.1.1;
						DevelopmentTeam = DL7989H5XT;
						LastSwiftMigration = 1020;
						SystemCapabilities = {
							com.apple.ApplicationGroups.iOS = {
								enabled = 1;
							};
						};
					};
					3DD51AF220FC59FF000CBFFC = {
						CreatedOnToolsVersion = 10.0;
						DevelopmentTeam = DL7989H5XT;
						LastSwiftMigration = 1020;
						ProvisioningStyle = Automatic;
						TestTargetID = 3D07DA7A1BDC58B50001EFE4;
					};
				};
			};
			buildConfigurationList = 3D07DA761BDC58B50001EFE4 /* Build configuration list for PBXProject "Athan Utility" */;
			compatibilityVersion = "Xcode 3.2";
			developmentRegion = en;
			hasScannedForEncodings = 0;
			knownRegions = (
				en,
				Base,
				ar,
				fr,
				ur,
				tr,
			);
			mainGroup = 3D07DA721BDC58B50001EFE4;
			packageReferences = (
				3D16F1022560851B00C78B12 /* XCRemoteSwiftPackageReference "adhan-swift" */,
				3DAE4494256088DA00156CFF /* XCRemoteSwiftPackageReference "SwiftSpinner" */,
			);
			productRefGroup = 3D07DA7C1BDC58B50001EFE4 /* Products */;
			projectDirPath = "";
			projectRoot = "";
			targets = (
				3D07DA7A1BDC58B50001EFE4 /* Athan Utility */,
				3DD51AF220FC59FF000CBFFC /* Athan Utility UITests */,
				3DD3B48E1C0D3B5700DC91E6 /* AthanToday */,
				3D93EA062182C447002019B7 /* AthanSiriIntents */,
				3D20CB1A2518DA0900275206 /* Athan WidgetExtension */,
			);
		};
/* End PBXProject section */

/* Begin PBXResourcesBuildPhase section */
		3D07DA791BDC58B50001EFE4 /* Resources */ = {
			isa = PBXResourcesBuildPhase;
			buildActionMask = 2147483647;
			files = (
				3D52256520CDF4FA00CF8C3D /* QiblaViewController.xib in Resources */,
				3D73FC8022875CCA0092A83C /* egypt-preview.caf in Resources */,
				3DAE452E256089D600156CFF /* .gitkeep in Resources */,
				3D73FC58228491EA0092A83C /* ToneSettingCell.xib in Resources */,
				3D936A191BE3A8320060790D /* Main.storyboard in Resources */,
				3D7D42C41C00E5380013956C /* SettingsViewController.xib in Resources */,
				3D15F53D242827210010C709 /* Default-568h@2x.png in Resources */,
				3DAE452F256089D600156CFF /* WhatsNewItemTextView.xib in Resources */,
				3D07DA891BDC58B60001EFE4 /* LaunchScreen.storyboard in Resources */,
				3D73FC7B22875CCA0092A83C /* alaqsa-preview.caf in Resources */,
				3DAE452D256089D600156CFF /* WhatsNewItemImageView.xib in Resources */,
				3D73FC7C22875CCA0092A83C /* abdulghaffar-preview.caf in Resources */,
				3D6308351C08F3D700AC32B6 /* LocationInputController.xib in Resources */,
				3D07DA861BDC58B60001EFE4 /* Assets.xcassets in Resources */,
				3D1AD81C1C835DC4009C5865 /* AboutViewController.xib in Resources */,
				3D73FC7E22875CCA0092A83C /* echo-preview.caf in Resources */,
				3D73FC7F22875CCA0092A83C /* madina-preview.caf in Resources */,
				3D73FC7D22875CCA0092A83C /* abdulbaset-preview.caf in Resources */,
				3D73FC7A22875CCA0092A83C /* makkah-preview.caf in Resources */,
				3DAE452C256089D600156CFF /* WhatsNew.xib in Resources */,
				3D73FC5C2284A2020092A83C /* SiriCell.xib in Resources */,
				3D52255520CDD25800CF8C3D /* Localizable.strings in Resources */,
				3D07DA9E1BDC58E30001EFE4 /* PrayerCell.xib in Resources */,
				3D73FC632284DC720092A83C /* AppIntentVocabulary.plist in Resources */,
				3D15F53F242828590010C709 /* LaunchScreen.xib in Resources */,
				3D033BDA1C01203F00CCE84A /* PrayerSettingCell.xib in Resources */,
			);
			runOnlyForDeploymentPostprocessing = 0;
		};
		3D20CB192518DA0900275206 /* Resources */ = {
			isa = PBXResourcesBuildPhase;
			buildActionMask = 2147483647;
			files = (
				3D20CB252518DA0B00275206 /* Assets.xcassets in Resources */,
			);
			runOnlyForDeploymentPostprocessing = 0;
		};
		3D93EA052182C447002019B7 /* Resources */ = {
			isa = PBXResourcesBuildPhase;
			buildActionMask = 2147483647;
			files = (
				3D73FC642284DC720092A83C /* AppIntentVocabulary.plist in Resources */,
			);
			runOnlyForDeploymentPostprocessing = 0;
		};
		3DD3B48D1C0D3B5700DC91E6 /* Resources */ = {
			isa = PBXResourcesBuildPhase;
			buildActionMask = 2147483647;
			files = (
				3DD3B4981C0D3B5700DC91E6 /* MainInterface.storyboard in Resources */,
				3DAD6F34210EDE94008299E1 /* Localizable.strings in Resources */,
				3D32B5851C14D34D003CAE1B /* sun.png in Resources */,
				3D32B5831C14D32E003CAE1B /* moon.png in Resources */,
				3D32B5811C14D31D003CAE1B /* sunfilled.png in Resources */,
				3D32B57F1C14D03A003CAE1B /* sunhorizon.png in Resources */,
			);
			runOnlyForDeploymentPostprocessing = 0;
		};
		3DD51AF120FC59FF000CBFFC /* Resources */ = {
			isa = PBXResourcesBuildPhase;
			buildActionMask = 2147483647;
			files = (
			);
			runOnlyForDeploymentPostprocessing = 0;
		};
/* End PBXResourcesBuildPhase section */

/* Begin PBXSourcesBuildPhase section */
		3D07DA771BDC58B50001EFE4 /* Sources */ = {
			isa = PBXSourcesBuildPhase;
			buildActionMask = 2147483647;
			files = (
				3D76E8A91C0621D60004E3F7 /* OptionsNavigatonController.swift in Sources */,
				3DAE4530256089D600156CFF /* NibLoadable.swift in Sources */,
				3D7D42C31C00E5380013956C /* SettingsViewController.swift in Sources */,
				3D1E50E2256D667D003E2E34 /* QiblaPointerView.swift in Sources */,
				3D8CE83B256965F0006D6E46 /* PrayerSettings.swift in Sources */,
				3D07DAA31BDC58E30001EFE4 /* PrayerManagerDelegate.swift in Sources */,
				3DD3B4891C0D1B9400DC91E6 /* AboutViewController.swift in Sources */,
				3D77056B251C37F4007BCEAA /* UIView_Convenience.swift in Sources */,
				3D4AC195251D94BE00B2D41D /* SceneDelegate.swift in Sources */,
				3D73FC8322887E670092A83C /* NoteSoundPlayer.swift in Sources */,
				3DAE452B256089D600156CFF /* WhatsNewViewController.swift in Sources */,
				3D4CEDB01BDDA1D800CA095E /* ElapsedView.swift in Sources */,
				3D033BD91C01203F00CCE84A /* PrayerSettingCell.swift in Sources */,
				3D16F10B2560859D00C78B12 /* AthanManager.swift in Sources */,
				3D73FC57228491EA0092A83C /* ToneSettingCell.swift in Sources */,
				3DAE4533256089D600156CFF /* WhatsNewItemImageView.swift in Sources */,
				3DAE4531256089D600156CFF /* PresentationOption.swift in Sources */,
				3D73FC5B2284A2020092A83C /* SiriCell.swift in Sources */,
				3DF0EE9A21038E3400624E98 /* PrayerType.swift in Sources */,
				3D936A1F1BE3AF030060790D /* HeadingDelegate.swift in Sources */,
				3D07DAA01BDC58E30001EFE4 /* ClockView.swift in Sources */,
				3D07DA811BDC58B60001EFE4 /* ViewController.swift in Sources */,
				3DAE45542560976900156CFF /* SqueezeButton.swift in Sources */,
				3DAE455B2560984500156CFF /* AnimatedLabel.swift in Sources */,
				3D1E50F0256F4620003E2E34 /* Colors.swift in Sources */,
				3D936A1C1BE3A98B0060790D /* QiblaViewController.swift in Sources */,
				3DE86330251FF2530003FB06 /* CalculationSettingController.swift in Sources */,
				3DAE4532256089D600156CFF /* WhatsNewItemTextView.swift in Sources */,
				3DA6F01325617BBE00C2C348 /* NotificationsManager.swift in Sources */,
				3D6308341C08F3D700AC32B6 /* LocationInputController.swift in Sources */,
				3DCB30CB236B109200D47C7C /* UIView+Fading.swift in Sources */,
				3D07DAA11BDC58E30001EFE4 /* BubbleTextView.swift in Sources */,
				3D07DA7F1BDC58B60001EFE4 /* AppDelegate.swift in Sources */,
				3D1F39191C023EB2005C1773 /* PrayerSettingController.swift in Sources */,
				3DA6F01F256184AA00C2C348 /* Prayer+Extensions.swift in Sources */,
				3D02C9E5251EC134003FFA92 /* Athan_Widget.intentdefinition in Sources */,
				3D07DAA21BDC58E30001EFE4 /* PrayerManager.swift in Sources */,
				3D73FC6B2284EE1C0092A83C /* Settings.swift in Sources */,
				3DAE4534256089D600156CFF /* WhatsNewItem.swift in Sources */,
				3DAE4535256089D600156CFF /* WhatsNew.swift in Sources */,
				3D89E71420C75DC000E64118 /* SwiftSpinner.swift in Sources */,
				3D07DA9C1BDC58E30001EFE4 /* TableController.swift in Sources */,
				3D1E50E9256DFAD4003E2E34 /* MoonView.swift in Sources */,
				3D07DA9D1BDC58E30001EFE4 /* PrayerCell.swift in Sources */,
				3D4AC134251D894600B2D41D /* MainSwiftUI.swift in Sources */,
				3D73EBEA256F5DEA0010C47D /* SolarView.swift in Sources */,
				3D07DA9A1BDC58E30001EFE4 /* Global.swift in Sources */,
				3D89E71620C75E6000E64118 /* Intents.intentdefinition in Sources */,
			);
			runOnlyForDeploymentPostprocessing = 0;
		};
		3D20CB172518DA0900275206 /* Sources */ = {
			isa = PBXSourcesBuildPhase;
			buildActionMask = 2147483647;
			files = (
				3D770549251C3137007BCEAA /* PrayerType.swift in Sources */,
				3D02C9E6251EC134003FFA92 /* Athan_Widget.intentdefinition in Sources */,
				3D770564251C379B007BCEAA /* PrayerManager.swift in Sources */,
				3D73EC0C2570D0E60010C47D /* Prayer+Extensions.swift in Sources */,
				3D73EC182570DAB80010C47D /* AthanManager.swift in Sources */,
				3D770571251C3812007BCEAA /* Global.swift in Sources */,
				3D770577251C3824007BCEAA /* HeadingDelegate.swift in Sources */,
				3D20CB222518DA0900275206 /* Athan_Widget.swift in Sources */,
				3D770554251C3393007BCEAA /* Widget_Provider.swift in Sources */,
				3D770583251C3849007BCEAA /* Settings.swift in Sources */,
				3D73EC24257155AB0010C47D /* NotificationsManager.swift in Sources */,
				3D77057D251C383B007BCEAA /* PrayerManagerDelegate.swift in Sources */,
				3D73EBF1257027230010C47D /* PrayerSettings.swift in Sources */,
			);
			runOnlyForDeploymentPostprocessing = 0;
		};
		3D93EA032182C447002019B7 /* Sources */ = {
			isa = PBXSourcesBuildPhase;
			buildActionMask = 2147483647;
			files = (
				3DB56CE92281FA4E00B9F738 /* ListPrayersIntentHandler.swift in Sources */,
				3DB56CEC228367DB00B9F738 /* PrayerManager.swift in Sources */,
				3D93EA0A2182C447002019B7 /* IntentHandler.swift in Sources */,
				3DB56CF2228368B900B9F738 /* HeadingDelegate.swift in Sources */,
				3D73EBF7257027290010C47D /* PrayerSettings.swift in Sources */,
				3D73FC6C2285C3380092A83C /* Settings.swift in Sources */,
				3D73EC122570DAB80010C47D /* AthanManager.swift in Sources */,
				3DB56CEA228204BA00B9F738 /* Intents.intentdefinition in Sources */,
				3D73EC1E257155AA0010C47D /* NotificationsManager.swift in Sources */,
				3DB56CE72281FA3800B9F738 /* NextPrayerIntentHandler.swift in Sources */,
				3D73EC062570D0E60010C47D /* Prayer+Extensions.swift in Sources */,
				3DB56CEE228367E000B9F738 /* PrayerManagerDelegate.swift in Sources */,
				3DB56CF12283682800B9F738 /* PrayerType.swift in Sources */,
				3DB56CF4228369A200B9F738 /* Global.swift in Sources */,
			);
			runOnlyForDeploymentPostprocessing = 0;
		};
		3DD3B48B1C0D3B5700DC91E6 /* Sources */ = {
			isa = PBXSourcesBuildPhase;
			buildActionMask = 2147483647;
			files = (
				3D73FC6E2285C3390092A83C /* Settings.swift in Sources */,
				3DF0EE9B21038E3D00624E98 /* PrayerType.swift in Sources */,
				3DD3B4951C0D3B5700DC91E6 /* TodayViewController.swift in Sources */,
			);
			runOnlyForDeploymentPostprocessing = 0;
		};
		3DD51AEF20FC59FF000CBFFC /* Sources */ = {
			isa = PBXSourcesBuildPhase;
			buildActionMask = 2147483647;
			files = (
				3DD51AF620FC5A00000CBFFC /* Athan_Utility_UITests.swift in Sources */,
				3D81809320FE565E00AEF72F /* SnapshotHelper.swift in Sources */,
			);
			runOnlyForDeploymentPostprocessing = 0;
		};
/* End PBXSourcesBuildPhase section */

/* Begin PBXTargetDependency section */
		3D20CB2A2518DA0B00275206 /* PBXTargetDependency */ = {
			isa = PBXTargetDependency;
			target = 3D20CB1A2518DA0900275206 /* Athan WidgetExtension */;
			targetProxy = 3D20CB292518DA0B00275206 /* PBXContainerItemProxy */;
		};
		3D93EA1D2182C447002019B7 /* PBXTargetDependency */ = {
			isa = PBXTargetDependency;
			target = 3D93EA062182C447002019B7 /* AthanSiriIntents */;
			targetProxy = 3D93EA1C2182C447002019B7 /* PBXContainerItemProxy */;
		};
		3DD51AF920FC5A00000CBFFC /* PBXTargetDependency */ = {
			isa = PBXTargetDependency;
			target = 3D07DA7A1BDC58B50001EFE4 /* Athan Utility */;
			targetProxy = 3DD51AF820FC5A00000CBFFC /* PBXContainerItemProxy */;
		};
/* End PBXTargetDependency section */

/* Begin PBXVariantGroup section */
		3D07DA821BDC58B60001EFE4 /* Main.storyboard */ = {
			isa = PBXVariantGroup;
			children = (
				3D07DA831BDC58B60001EFE4 /* Base */,
				3D52254E20CDCE2300CF8C3D /* ar */,
				3D52256A20CDF51B00CF8C3D /* fr */,
				3D52257120CDF53700CF8C3D /* ur */,
				3DD843B620CE5D3100D4309E /* tr */,
			);
			name = Main.storyboard;
			sourceTree = "<group>";
		};
		3D07DA871BDC58B60001EFE4 /* LaunchScreen.storyboard */ = {
			isa = PBXVariantGroup;
			children = (
				3D07DA881BDC58B60001EFE4 /* Base */,
				3D52254F20CDCE2300CF8C3D /* ar */,
				3D52256B20CDF51B00CF8C3D /* fr */,
				3D52257220CDF53800CF8C3D /* ur */,
				3DD843B820CE5D3100D4309E /* tr */,
			);
			name = LaunchScreen.storyboard;
			sourceTree = "<group>";
		};
		3D52255720CDD25800CF8C3D /* Localizable.strings */ = {
			isa = PBXVariantGroup;
			children = (
				3D52255620CDD25800CF8C3D /* ar */,
				3D52255820CDD42300CF8C3D /* en */,
				3D52256F20CDF51C00CF8C3D /* fr */,
				3D52257620CDF53800CF8C3D /* ur */,
				3DD843BC20CE5D3200D4309E /* tr */,
			);
			name = Localizable.strings;
			sourceTree = "<group>";
		};
		3D52256720CDF4FA00CF8C3D /* QiblaViewController.xib */ = {
			isa = PBXVariantGroup;
			children = (
				3D52256920CDF50400CF8C3D /* ar */,
				3D52257820CDF54800CF8C3D /* fr */,
				3D52257920CDF55700CF8C3D /* ur */,
				3D52257A20CDF5BA00CF8C3D /* Base */,
				3D52257B20CDF5D200CF8C3D /* en */,
				3DD843B720CE5D3100D4309E /* tr */,
			);
			name = QiblaViewController.xib;
			sourceTree = "<group>";
		};
		3D73FC672284DC720092A83C /* AppIntentVocabulary.plist */ = {
			isa = PBXVariantGroup;
			children = (
				3D73FC662284DC720092A83C /* Base */,
			);
			name = AppIntentVocabulary.plist;
			sourceTree = "<group>";
		};
		3DD3B4961C0D3B5700DC91E6 /* MainInterface.storyboard */ = {
			isa = PBXVariantGroup;
			children = (
				3DD3B4971C0D3B5700DC91E6 /* Base */,
				3D52255020CDCE2400CF8C3D /* ar */,
				3D52256C20CDF51B00CF8C3D /* fr */,
				3D52257320CDF53800CF8C3D /* ur */,
				3DD843B920CE5D3100D4309E /* tr */,
			);
			name = MainInterface.storyboard;
			sourceTree = "<group>";
		};
/* End PBXVariantGroup section */

/* Begin XCBuildConfiguration section */
		3D07DA8B1BDC58B60001EFE4 /* Debug */ = {
			isa = XCBuildConfiguration;
			buildSettings = {
				ALWAYS_SEARCH_USER_PATHS = NO;
				CLANG_ANALYZER_LOCALIZABILITY_NONLOCALIZED = YES;
				CLANG_CXX_LANGUAGE_STANDARD = "gnu++0x";
				CLANG_CXX_LIBRARY = "libc++";
				CLANG_ENABLE_MODULES = YES;
				CLANG_ENABLE_OBJC_ARC = YES;
				CLANG_WARN_BLOCK_CAPTURE_AUTORELEASING = YES;
				CLANG_WARN_BOOL_CONVERSION = YES;
				CLANG_WARN_COMMA = YES;
				CLANG_WARN_CONSTANT_CONVERSION = YES;
				CLANG_WARN_DEPRECATED_OBJC_IMPLEMENTATIONS = YES;
				CLANG_WARN_DIRECT_OBJC_ISA_USAGE = YES_ERROR;
				CLANG_WARN_EMPTY_BODY = YES;
				CLANG_WARN_ENUM_CONVERSION = YES;
				CLANG_WARN_INFINITE_RECURSION = YES;
				CLANG_WARN_INT_CONVERSION = YES;
				CLANG_WARN_NON_LITERAL_NULL_CONVERSION = YES;
				CLANG_WARN_OBJC_IMPLICIT_RETAIN_SELF = YES;
				CLANG_WARN_OBJC_LITERAL_CONVERSION = YES;
				CLANG_WARN_OBJC_ROOT_CLASS = YES_ERROR;
				CLANG_WARN_QUOTED_INCLUDE_IN_FRAMEWORK_HEADER = YES;
				CLANG_WARN_RANGE_LOOP_ANALYSIS = YES;
				CLANG_WARN_STRICT_PROTOTYPES = YES;
				CLANG_WARN_SUSPICIOUS_MOVE = YES;
				CLANG_WARN_UNREACHABLE_CODE = YES;
				CLANG_WARN__DUPLICATE_METHOD_MATCH = YES;
				"CODE_SIGN_IDENTITY[sdk=iphoneos*]" = "iPhone Developer";
				COPY_PHASE_STRIP = NO;
				DEBUG_INFORMATION_FORMAT = dwarf;
				ENABLE_STRICT_OBJC_MSGSEND = YES;
				ENABLE_TESTABILITY = YES;
				GCC_C_LANGUAGE_STANDARD = gnu99;
				GCC_DYNAMIC_NO_PIC = NO;
				GCC_NO_COMMON_BLOCKS = YES;
				GCC_OPTIMIZATION_LEVEL = 0;
				GCC_PREPROCESSOR_DEFINITIONS = (
					"DEBUG=1",
					"$(inherited)",
				);
				GCC_WARN_64_TO_32_BIT_CONVERSION = YES;
				GCC_WARN_ABOUT_RETURN_TYPE = YES_ERROR;
				GCC_WARN_UNDECLARED_SELECTOR = YES;
				GCC_WARN_UNINITIALIZED_AUTOS = YES_AGGRESSIVE;
				GCC_WARN_UNUSED_FUNCTION = YES;
				GCC_WARN_UNUSED_VARIABLE = YES;
				IPHONEOS_DEPLOYMENT_TARGET = 12.0;
				MTL_ENABLE_DEBUG_INFO = YES;
				ONLY_ACTIVE_ARCH = YES;
				SDKROOT = iphoneos;
				SWIFT_OPTIMIZATION_LEVEL = "-Onone";
				SWIFT_SWIFT3_OBJC_INFERENCE = Default;
				TARGETED_DEVICE_FAMILY = "1,2";
			};
			name = Debug;
		};
		3D07DA8C1BDC58B60001EFE4 /* Release */ = {
			isa = XCBuildConfiguration;
			buildSettings = {
				ALWAYS_SEARCH_USER_PATHS = NO;
				CLANG_ANALYZER_LOCALIZABILITY_NONLOCALIZED = YES;
				CLANG_CXX_LANGUAGE_STANDARD = "gnu++0x";
				CLANG_CXX_LIBRARY = "libc++";
				CLANG_ENABLE_MODULES = YES;
				CLANG_ENABLE_OBJC_ARC = YES;
				CLANG_WARN_BLOCK_CAPTURE_AUTORELEASING = YES;
				CLANG_WARN_BOOL_CONVERSION = YES;
				CLANG_WARN_COMMA = YES;
				CLANG_WARN_CONSTANT_CONVERSION = YES;
				CLANG_WARN_DEPRECATED_OBJC_IMPLEMENTATIONS = YES;
				CLANG_WARN_DIRECT_OBJC_ISA_USAGE = YES_ERROR;
				CLANG_WARN_EMPTY_BODY = YES;
				CLANG_WARN_ENUM_CONVERSION = YES;
				CLANG_WARN_INFINITE_RECURSION = YES;
				CLANG_WARN_INT_CONVERSION = YES;
				CLANG_WARN_NON_LITERAL_NULL_CONVERSION = YES;
				CLANG_WARN_OBJC_IMPLICIT_RETAIN_SELF = YES;
				CLANG_WARN_OBJC_LITERAL_CONVERSION = YES;
				CLANG_WARN_OBJC_ROOT_CLASS = YES_ERROR;
				CLANG_WARN_QUOTED_INCLUDE_IN_FRAMEWORK_HEADER = YES;
				CLANG_WARN_RANGE_LOOP_ANALYSIS = YES;
				CLANG_WARN_STRICT_PROTOTYPES = YES;
				CLANG_WARN_SUSPICIOUS_MOVE = YES;
				CLANG_WARN_UNREACHABLE_CODE = YES;
				CLANG_WARN__DUPLICATE_METHOD_MATCH = YES;
				"CODE_SIGN_IDENTITY[sdk=iphoneos*]" = "iPhone Developer";
				COPY_PHASE_STRIP = NO;
				DEBUG_INFORMATION_FORMAT = "dwarf-with-dsym";
				ENABLE_NS_ASSERTIONS = NO;
				ENABLE_STRICT_OBJC_MSGSEND = YES;
				GCC_C_LANGUAGE_STANDARD = gnu99;
				GCC_NO_COMMON_BLOCKS = YES;
				GCC_WARN_64_TO_32_BIT_CONVERSION = YES;
				GCC_WARN_ABOUT_RETURN_TYPE = YES_ERROR;
				GCC_WARN_UNDECLARED_SELECTOR = YES;
				GCC_WARN_UNINITIALIZED_AUTOS = YES_AGGRESSIVE;
				GCC_WARN_UNUSED_FUNCTION = YES;
				GCC_WARN_UNUSED_VARIABLE = YES;
				IPHONEOS_DEPLOYMENT_TARGET = 12.0;
				MTL_ENABLE_DEBUG_INFO = NO;
				SDKROOT = iphoneos;
				SWIFT_COMPILATION_MODE = wholemodule;
				SWIFT_OPTIMIZATION_LEVEL = "-O";
				SWIFT_SWIFT3_OBJC_INFERENCE = Default;
				TARGETED_DEVICE_FAMILY = "1,2";
				VALIDATE_PRODUCT = YES;
			};
			name = Release;
		};
		3D07DA8E1BDC58B60001EFE4 /* Debug */ = {
			isa = XCBuildConfiguration;
			buildSettings = {
				ALWAYS_EMBED_SWIFT_STANDARD_LIBRARIES = YES;
				ASSETCATALOG_COMPILER_APPICON_NAME = AppIcon;
				CLANG_ENABLE_MODULES = YES;
				CODE_SIGN_ENTITLEMENTS = "Athan Utility/Athan Utility.entitlements";
				CODE_SIGN_IDENTITY = "iPhone Developer";
				"CODE_SIGN_IDENTITY[sdk=iphoneos*]" = "iPhone Developer";
				CURRENT_PROJECT_VERSION = 2;
				DEVELOPMENT_TEAM = DL7989H5XT;
				INFOPLIST_FILE = "Athan Utility/Info.plist";
				IPHONEOS_DEPLOYMENT_TARGET = 12.0;
				LD_RUNPATH_SEARCH_PATHS = (
					"$(inherited)",
					"@executable_path/Frameworks",
				);
				MARKETING_VERSION = 5.0.4;
				PRODUCT_BUNDLE_IDENTIFIER = "com.omaralejel.Athan-Utility";
				PRODUCT_NAME = "Athan Utility";
				PROVISIONING_PROFILE = "";
				SWIFT_OBJC_BRIDGING_HEADER = "Athan Utility/Athan Utility Test-Bridging-Header.h";
				SWIFT_OPTIMIZATION_LEVEL = "-Onone";
				SWIFT_VERSION = 5.0;
				TARGETED_DEVICE_FAMILY = "1,2";
			};
			name = Debug;
		};
		3D07DA8F1BDC58B60001EFE4 /* Release */ = {
			isa = XCBuildConfiguration;
			buildSettings = {
				ALWAYS_EMBED_SWIFT_STANDARD_LIBRARIES = YES;
				ASSETCATALOG_COMPILER_APPICON_NAME = AppIcon;
				CLANG_ENABLE_MODULES = YES;
				CODE_SIGN_ENTITLEMENTS = "Athan Utility/Athan Utility.entitlements";
				CODE_SIGN_IDENTITY = "iPhone Developer";
				"CODE_SIGN_IDENTITY[sdk=iphoneos*]" = "iPhone Developer";
				CURRENT_PROJECT_VERSION = 2;
				DEVELOPMENT_TEAM = DL7989H5XT;
				INFOPLIST_FILE = "Athan Utility/Info.plist";
				IPHONEOS_DEPLOYMENT_TARGET = 12.0;
				LD_RUNPATH_SEARCH_PATHS = (
					"$(inherited)",
					"@executable_path/Frameworks",
				);
				MARKETING_VERSION = 5.0.4;
				PRODUCT_BUNDLE_IDENTIFIER = "com.omaralejel.Athan-Utility";
				PRODUCT_NAME = "Athan Utility";
				PROVISIONING_PROFILE = "";
				SWIFT_OBJC_BRIDGING_HEADER = "Athan Utility/Athan Utility Test-Bridging-Header.h";
				SWIFT_VERSION = 5.0;
				TARGETED_DEVICE_FAMILY = "1,2";
			};
			name = Release;
		};
		3D20CB2C2518DA0B00275206 /* Debug */ = {
			isa = XCBuildConfiguration;
			buildSettings = {
				ASSETCATALOG_COMPILER_GLOBAL_ACCENT_COLOR_NAME = AccentColor;
				ASSETCATALOG_COMPILER_WIDGET_BACKGROUND_COLOR_NAME = WidgetBackground;
				CLANG_ANALYZER_NONNULL = YES;
				CLANG_ANALYZER_NUMBER_OBJECT_CONVERSION = YES_AGGRESSIVE;
				CLANG_CXX_LANGUAGE_STANDARD = "gnu++14";
				CLANG_ENABLE_OBJC_WEAK = YES;
				CLANG_WARN_DOCUMENTATION_COMMENTS = YES;
				CLANG_WARN_QUOTED_INCLUDE_IN_FRAMEWORK_HEADER = YES;
				CLANG_WARN_UNGUARDED_AVAILABILITY = YES_AGGRESSIVE;
				CODE_SIGN_ENTITLEMENTS = "Athan Utility/Athan WidgetExtension.entitlements";
				CODE_SIGN_IDENTITY = "Apple Development";
				"CODE_SIGN_IDENTITY[sdk=iphoneos*]" = "iPhone Developer";
				CODE_SIGN_STYLE = Automatic;
				CURRENT_PROJECT_VERSION = 2;
				DEVELOPMENT_TEAM = DL7989H5XT;
				GCC_C_LANGUAGE_STANDARD = gnu11;
				INFOPLIST_FILE = "Athan Widget/Info.plist";
				IPHONEOS_DEPLOYMENT_TARGET = 14.0;
				LD_RUNPATH_SEARCH_PATHS = (
					"$(inherited)",
					"@executable_path/Frameworks",
					"@executable_path/../../Frameworks",
				);
				MARKETING_VERSION = 5.0.4;
				MTL_ENABLE_DEBUG_INFO = INCLUDE_SOURCE;
				MTL_FAST_MATH = YES;
				PRODUCT_BUNDLE_IDENTIFIER = "com.omaralejel.Athan-Utility.Athan-Widget";
				PRODUCT_NAME = "$(TARGET_NAME)";
				PROVISIONING_PROFILE_SPECIFIER = "";
				SKIP_INSTALL = YES;
				SWIFT_ACTIVE_COMPILATION_CONDITIONS = DEBUG;
				SWIFT_VERSION = 5.0;
				TARGETED_DEVICE_FAMILY = "1,2";
			};
			name = Debug;
		};
		3D20CB2D2518DA0B00275206 /* Release */ = {
			isa = XCBuildConfiguration;
			buildSettings = {
				ASSETCATALOG_COMPILER_GLOBAL_ACCENT_COLOR_NAME = AccentColor;
				ASSETCATALOG_COMPILER_WIDGET_BACKGROUND_COLOR_NAME = WidgetBackground;
				CLANG_ANALYZER_NONNULL = YES;
				CLANG_ANALYZER_NUMBER_OBJECT_CONVERSION = YES_AGGRESSIVE;
				CLANG_CXX_LANGUAGE_STANDARD = "gnu++14";
				CLANG_ENABLE_OBJC_WEAK = YES;
				CLANG_WARN_DOCUMENTATION_COMMENTS = YES;
				CLANG_WARN_QUOTED_INCLUDE_IN_FRAMEWORK_HEADER = YES;
				CLANG_WARN_UNGUARDED_AVAILABILITY = YES_AGGRESSIVE;
				CODE_SIGN_ENTITLEMENTS = "Athan Utility/Athan WidgetExtension.entitlements";
				CODE_SIGN_IDENTITY = "Apple Development";
				"CODE_SIGN_IDENTITY[sdk=iphoneos*]" = "iPhone Developer";
				CODE_SIGN_STYLE = Automatic;
				CURRENT_PROJECT_VERSION = 2;
				DEVELOPMENT_TEAM = DL7989H5XT;
				GCC_C_LANGUAGE_STANDARD = gnu11;
				INFOPLIST_FILE = "Athan Widget/Info.plist";
				IPHONEOS_DEPLOYMENT_TARGET = 14.0;
				LD_RUNPATH_SEARCH_PATHS = (
					"$(inherited)",
					"@executable_path/Frameworks",
					"@executable_path/../../Frameworks",
				);
				MARKETING_VERSION = 5.0.4;
				MTL_FAST_MATH = YES;
				PRODUCT_BUNDLE_IDENTIFIER = "com.omaralejel.Athan-Utility.Athan-Widget";
				PRODUCT_NAME = "$(TARGET_NAME)";
				PROVISIONING_PROFILE_SPECIFIER = "";
				SKIP_INSTALL = YES;
				SWIFT_VERSION = 5.0;
				TARGETED_DEVICE_FAMILY = "1,2";
			};
			name = Release;
		};
		3D93EA232182C447002019B7 /* Debug */ = {
			isa = XCBuildConfiguration;
			buildSettings = {
				CLANG_ANALYZER_NONNULL = YES;
				CLANG_ANALYZER_NUMBER_OBJECT_CONVERSION = YES_AGGRESSIVE;
				CLANG_CXX_LANGUAGE_STANDARD = "gnu++14";
				CLANG_ENABLE_OBJC_WEAK = YES;
				CLANG_WARN_DOCUMENTATION_COMMENTS = YES;
				CLANG_WARN_UNGUARDED_AVAILABILITY = YES_AGGRESSIVE;
				CODE_SIGN_ENTITLEMENTS = AthanSiriIntents/AthanSiriIntents.entitlements;
				CODE_SIGN_IDENTITY = "iPhone Developer";
				"CODE_SIGN_IDENTITY[sdk=iphoneos*]" = "iPhone Developer";
				CODE_SIGN_STYLE = Automatic;
				CURRENT_PROJECT_VERSION = 2;
				DEVELOPMENT_TEAM = DL7989H5XT;
				GCC_C_LANGUAGE_STANDARD = gnu11;
				INFOPLIST_FILE = AthanSiriIntents/Info.plist;
				IPHONEOS_DEPLOYMENT_TARGET = 12.0;
				LD_RUNPATH_SEARCH_PATHS = (
					"$(inherited)",
					"@executable_path/Frameworks",
					"@executable_path/../../Frameworks",
				);
				MARKETING_VERSION = 5.0.4;
				MTL_ENABLE_DEBUG_INFO = INCLUDE_SOURCE;
				MTL_FAST_MATH = YES;
				PRODUCT_BUNDLE_IDENTIFIER = "com.omaralejel.Athan-Utility.AthanSiriIntents";
				PRODUCT_NAME = "$(TARGET_NAME)";
				SKIP_INSTALL = YES;
				SWIFT_ACTIVE_COMPILATION_CONDITIONS = DEBUG;
				SWIFT_VERSION = 5.0;
				TARGETED_DEVICE_FAMILY = "1,2";
			};
			name = Debug;
		};
		3D93EA242182C447002019B7 /* Release */ = {
			isa = XCBuildConfiguration;
			buildSettings = {
				CLANG_ANALYZER_NONNULL = YES;
				CLANG_ANALYZER_NUMBER_OBJECT_CONVERSION = YES_AGGRESSIVE;
				CLANG_CXX_LANGUAGE_STANDARD = "gnu++14";
				CLANG_ENABLE_OBJC_WEAK = YES;
				CLANG_WARN_DOCUMENTATION_COMMENTS = YES;
				CLANG_WARN_UNGUARDED_AVAILABILITY = YES_AGGRESSIVE;
				CODE_SIGN_ENTITLEMENTS = AthanSiriIntents/AthanSiriIntents.entitlements;
				CODE_SIGN_IDENTITY = "iPhone Developer";
				"CODE_SIGN_IDENTITY[sdk=iphoneos*]" = "iPhone Developer";
				CODE_SIGN_STYLE = Automatic;
				CURRENT_PROJECT_VERSION = 2;
				DEVELOPMENT_TEAM = DL7989H5XT;
				GCC_C_LANGUAGE_STANDARD = gnu11;
				INFOPLIST_FILE = AthanSiriIntents/Info.plist;
				IPHONEOS_DEPLOYMENT_TARGET = 12.0;
				LD_RUNPATH_SEARCH_PATHS = (
					"$(inherited)",
					"@executable_path/Frameworks",
					"@executable_path/../../Frameworks",
				);
				MARKETING_VERSION = 5.0.4;
				MTL_FAST_MATH = YES;
				PRODUCT_BUNDLE_IDENTIFIER = "com.omaralejel.Athan-Utility.AthanSiriIntents";
				PRODUCT_NAME = "$(TARGET_NAME)";
				SKIP_INSTALL = YES;
				SWIFT_VERSION = 5.0;
				TARGETED_DEVICE_FAMILY = "1,2";
			};
			name = Release;
		};
		3DD3B49D1C0D3B5700DC91E6 /* Debug */ = {
			isa = XCBuildConfiguration;
			buildSettings = {
				CODE_SIGN_ENTITLEMENTS = AthanToday/AthanToday.entitlements;
				CODE_SIGN_IDENTITY = "iPhone Developer";
				"CODE_SIGN_IDENTITY[sdk=iphoneos*]" = "iPhone Developer";
				CURRENT_PROJECT_VERSION = 2;
				DEVELOPMENT_TEAM = DL7989H5XT;
				INFOPLIST_FILE = AthanToday/Info.plist;
				LD_RUNPATH_SEARCH_PATHS = (
					"$(inherited)",
					"@executable_path/Frameworks",
					"@executable_path/../../Frameworks",
				);
				MARKETING_VERSION = 5.0.4;
				PRODUCT_BUNDLE_IDENTIFIER = "com.omaralejel.Athan-Utility.AthanTodayExt";
				PRODUCT_NAME = "$(TARGET_NAME)";
				PROVISIONING_PROFILE = "";
				SKIP_INSTALL = YES;
				SWIFT_VERSION = 5.0;
				TARGETED_DEVICE_FAMILY = "1,2";
			};
			name = Debug;
		};
		3DD3B49E1C0D3B5700DC91E6 /* Release */ = {
			isa = XCBuildConfiguration;
			buildSettings = {
				CODE_SIGN_ENTITLEMENTS = AthanToday/AthanToday.entitlements;
				CODE_SIGN_IDENTITY = "iPhone Developer";
				"CODE_SIGN_IDENTITY[sdk=iphoneos*]" = "iPhone Developer";
				CURRENT_PROJECT_VERSION = 2;
				DEVELOPMENT_TEAM = DL7989H5XT;
				INFOPLIST_FILE = AthanToday/Info.plist;
				LD_RUNPATH_SEARCH_PATHS = (
					"$(inherited)",
					"@executable_path/Frameworks",
					"@executable_path/../../Frameworks",
				);
				MARKETING_VERSION = 5.0.4;
				PRODUCT_BUNDLE_IDENTIFIER = "com.omaralejel.Athan-Utility.AthanTodayExt";
				PRODUCT_NAME = "$(TARGET_NAME)";
				PROVISIONING_PROFILE = "";
				SKIP_INSTALL = YES;
				SWIFT_VERSION = 5.0;
				TARGETED_DEVICE_FAMILY = "1,2";
			};
			name = Release;
		};
		3DD51AFB20FC5A00000CBFFC /* Debug */ = {
			isa = XCBuildConfiguration;
			buildSettings = {
				CLANG_ANALYZER_NONNULL = YES;
				CLANG_ANALYZER_NUMBER_OBJECT_CONVERSION = YES_AGGRESSIVE;
				CLANG_CXX_LANGUAGE_STANDARD = "gnu++14";
				CLANG_ENABLE_OBJC_WEAK = YES;
				CLANG_WARN_DOCUMENTATION_COMMENTS = YES;
				CLANG_WARN_UNGUARDED_AVAILABILITY = YES_AGGRESSIVE;
				CODE_SIGN_IDENTITY = "iPhone Developer";
				CODE_SIGN_STYLE = Automatic;
				DEVELOPMENT_TEAM = DL7989H5XT;
				GCC_C_LANGUAGE_STANDARD = gnu11;
				INFOPLIST_FILE = "Athan Utility UITests/Info.plist";
				IPHONEOS_DEPLOYMENT_TARGET = 12.0;
				LD_RUNPATH_SEARCH_PATHS = (
					"$(inherited)",
					"@executable_path/Frameworks",
					"@loader_path/Frameworks",
				);
				MTL_ENABLE_DEBUG_INFO = INCLUDE_SOURCE;
				MTL_FAST_MATH = YES;
				PRODUCT_BUNDLE_IDENTIFIER = "omaralejel.Athan-Utility-UITests";
				PRODUCT_NAME = "$(TARGET_NAME)";
				SWIFT_ACTIVE_COMPILATION_CONDITIONS = DEBUG;
				SWIFT_VERSION = 5.0;
				TARGETED_DEVICE_FAMILY = "1,2";
				TEST_TARGET_NAME = "Athan Utility";
			};
			name = Debug;
		};
		3DD51AFC20FC5A00000CBFFC /* Release */ = {
			isa = XCBuildConfiguration;
			buildSettings = {
				CLANG_ANALYZER_NONNULL = YES;
				CLANG_ANALYZER_NUMBER_OBJECT_CONVERSION = YES_AGGRESSIVE;
				CLANG_CXX_LANGUAGE_STANDARD = "gnu++14";
				CLANG_ENABLE_OBJC_WEAK = YES;
				CLANG_WARN_DOCUMENTATION_COMMENTS = YES;
				CLANG_WARN_UNGUARDED_AVAILABILITY = YES_AGGRESSIVE;
				CODE_SIGN_IDENTITY = "iPhone Developer";
				CODE_SIGN_STYLE = Automatic;
				DEVELOPMENT_TEAM = DL7989H5XT;
				GCC_C_LANGUAGE_STANDARD = gnu11;
				INFOPLIST_FILE = "Athan Utility UITests/Info.plist";
				IPHONEOS_DEPLOYMENT_TARGET = 12.0;
				LD_RUNPATH_SEARCH_PATHS = (
					"$(inherited)",
					"@executable_path/Frameworks",
					"@loader_path/Frameworks",
				);
				MTL_FAST_MATH = YES;
				PRODUCT_BUNDLE_IDENTIFIER = "omaralejel.Athan-Utility-UITests";
				PRODUCT_NAME = "$(TARGET_NAME)";
				SWIFT_VERSION = 5.0;
				TARGETED_DEVICE_FAMILY = "1,2";
				TEST_TARGET_NAME = "Athan Utility";
			};
			name = Release;
		};
/* End XCBuildConfiguration section */

/* Begin XCConfigurationList section */
		3D07DA761BDC58B50001EFE4 /* Build configuration list for PBXProject "Athan Utility" */ = {
			isa = XCConfigurationList;
			buildConfigurations = (
				3D07DA8B1BDC58B60001EFE4 /* Debug */,
				3D07DA8C1BDC58B60001EFE4 /* Release */,
			);
			defaultConfigurationIsVisible = 0;
			defaultConfigurationName = Release;
		};
		3D07DA8D1BDC58B60001EFE4 /* Build configuration list for PBXNativeTarget "Athan Utility" */ = {
			isa = XCConfigurationList;
			buildConfigurations = (
				3D07DA8E1BDC58B60001EFE4 /* Debug */,
				3D07DA8F1BDC58B60001EFE4 /* Release */,
			);
			defaultConfigurationIsVisible = 0;
			defaultConfigurationName = Release;
		};
		3D20CB2E2518DA0B00275206 /* Build configuration list for PBXNativeTarget "Athan WidgetExtension" */ = {
			isa = XCConfigurationList;
			buildConfigurations = (
				3D20CB2C2518DA0B00275206 /* Debug */,
				3D20CB2D2518DA0B00275206 /* Release */,
			);
			defaultConfigurationIsVisible = 0;
			defaultConfigurationName = Release;
		};
		3D93EA222182C447002019B7 /* Build configuration list for PBXNativeTarget "AthanSiriIntents" */ = {
			isa = XCConfigurationList;
			buildConfigurations = (
				3D93EA232182C447002019B7 /* Debug */,
				3D93EA242182C447002019B7 /* Release */,
			);
			defaultConfigurationIsVisible = 0;
			defaultConfigurationName = Release;
		};
		3DD3B49F1C0D3B5700DC91E6 /* Build configuration list for PBXNativeTarget "AthanToday" */ = {
			isa = XCConfigurationList;
			buildConfigurations = (
				3DD3B49D1C0D3B5700DC91E6 /* Debug */,
				3DD3B49E1C0D3B5700DC91E6 /* Release */,
			);
			defaultConfigurationIsVisible = 0;
			defaultConfigurationName = Release;
		};
		3DD51AFA20FC5A00000CBFFC /* Build configuration list for PBXNativeTarget "Athan Utility UITests" */ = {
			isa = XCConfigurationList;
			buildConfigurations = (
				3DD51AFB20FC5A00000CBFFC /* Debug */,
				3DD51AFC20FC5A00000CBFFC /* Release */,
			);
			defaultConfigurationIsVisible = 0;
			defaultConfigurationName = Release;
		};
/* End XCConfigurationList section */

/* Begin XCRemoteSwiftPackageReference section */
		3D16F1022560851B00C78B12 /* XCRemoteSwiftPackageReference "adhan-swift" */ = {
			isa = XCRemoteSwiftPackageReference;
			repositoryURL = "https://github.com/batoulapps/adhan-swift";
			requirement = {
				kind = upToNextMajorVersion;
				minimumVersion = 1.2.0;
			};
		};
		3DAE4494256088DA00156CFF /* XCRemoteSwiftPackageReference "SwiftSpinner" */ = {
			isa = XCRemoteSwiftPackageReference;
			repositoryURL = "https://github.com/icanzilb/SwiftSpinner";
			requirement = {
				kind = upToNextMajorVersion;
				minimumVersion = 2.1.0;
			};
		};
/* End XCRemoteSwiftPackageReference section */

/* Begin XCSwiftPackageProductDependency section */
		3D16F1032560851B00C78B12 /* Adhan */ = {
			isa = XCSwiftPackageProductDependency;
			package = 3D16F1022560851B00C78B12 /* XCRemoteSwiftPackageReference "adhan-swift" */;
			productName = Adhan;
		};
		3D73EBFD2570294B0010C47D /* Adhan */ = {
			isa = XCSwiftPackageProductDependency;
			package = 3D16F1022560851B00C78B12 /* XCRemoteSwiftPackageReference "adhan-swift" */;
			productName = Adhan;
		};
		3D73EBFF257029530010C47D /* Adhan */ = {
			isa = XCSwiftPackageProductDependency;
			package = 3D16F1022560851B00C78B12 /* XCRemoteSwiftPackageReference "adhan-swift" */;
			productName = Adhan;
		};
		3DAE4495256088DA00156CFF /* SwiftSpinner */ = {
			isa = XCSwiftPackageProductDependency;
			package = 3DAE4494256088DA00156CFF /* XCRemoteSwiftPackageReference "SwiftSpinner" */;
			productName = SwiftSpinner;
		};
/* End XCSwiftPackageProductDependency section */
	};
	rootObject = 3D07DA731BDC58B50001EFE4 /* Project object */;
}
